// !$*UTF8*$!
{
	archiveVersion = 1;
	classes = {
	};
	objectVersion = 48;
	objects = {

/* Begin PBXBuildFile section */
		30130E4B1FAD551600370EAC /* ReportViewCell.swift in Sources */ = {isa = PBXBuildFile; fileRef = 30130E4A1FAD551600370EAC /* ReportViewCell.swift */; };
		3038CD991FAAD7D300E401C4 /* AppDelegate.swift in Sources */ = {isa = PBXBuildFile; fileRef = 3038CD981FAAD7D300E401C4 /* AppDelegate.swift */; };
		3038CD9B1FAAD7D300E401C4 /* MainViewController.swift in Sources */ = {isa = PBXBuildFile; fileRef = 3038CD9A1FAAD7D300E401C4 /* MainViewController.swift */; };
		3038CDA01FAAD7D300E401C4 /* Assets.xcassets in Resources */ = {isa = PBXBuildFile; fileRef = 3038CD9F1FAAD7D300E401C4 /* Assets.xcassets */; };
		3038CDA31FAAD7D300E401C4 /* LaunchScreen.storyboard in Resources */ = {isa = PBXBuildFile; fileRef = 3038CDA11FAAD7D300E401C4 /* LaunchScreen.storyboard */; };
		3038CDAE1FAAD7D300E401C4 /* BenchmarkTests.swift in Sources */ = {isa = PBXBuildFile; fileRef = 3038CDAD1FAAD7D300E401C4 /* BenchmarkTests.swift */; };
		3038CDB91FAAD7D300E401C4 /* WabbitUITests.swift in Sources */ = {isa = PBXBuildFile; fileRef = 3038CDB81FAAD7D300E401C4 /* WabbitUITests.swift */; };
		3038CDCA1FAAE38100E401C4 /* Report.swift in Sources */ = {isa = PBXBuildFile; fileRef = 3038CDC91FAAE38100E401C4 /* Report.swift */; };
		3038CDCC1FAAE39800E401C4 /* Benchmark.swift in Sources */ = {isa = PBXBuildFile; fileRef = 3038CDCB1FAAE39800E401C4 /* Benchmark.swift */; };
		3038CDD01FAAEA8600E401C4 /* SWCrypto.swift in Sources */ = {isa = PBXBuildFile; fileRef = 3038CDCF1FAAEA8600E401C4 /* SWCrypto.swift */; };
		3038CDD41FAAED6700E401C4 /* OBCrypto.m in Sources */ = {isa = PBXBuildFile; fileRef = 3038CDD31FAAED6700E401C4 /* OBCrypto.m */; };
		3038CDDA1FAAF02000E401C4 /* SWCryptoTests.swift in Sources */ = {isa = PBXBuildFile; fileRef = 3038CDD91FAAF02000E401C4 /* SWCryptoTests.swift */; };
		3038CDDC1FAAF45000E401C4 /* SWNumeric.swift in Sources */ = {isa = PBXBuildFile; fileRef = 3038CDDB1FAAF45000E401C4 /* SWNumeric.swift */; };
		3038CDDE1FAAF62300E401C4 /* SWNumericTests.swift in Sources */ = {isa = PBXBuildFile; fileRef = 3038CDDD1FAAF62300E401C4 /* SWNumericTests.swift */; };
		3038CDE01FAB012600E401C4 /* Exercise.swift in Sources */ = {isa = PBXBuildFile; fileRef = 3038CDDF1FAB012600E401C4 /* Exercise.swift */; };
		3038CDE21FAB055000E401C4 /* ExcersiceTests.swift in Sources */ = {isa = PBXBuildFile; fileRef = 3038CDE11FAB055000E401C4 /* ExcersiceTests.swift */; };
		3038CDE41FAB875100E401C4 /* OBCryptoTest.swift in Sources */ = {isa = PBXBuildFile; fileRef = 3038CDE31FAB875100E401C4 /* OBCryptoTest.swift */; };
		3047EDB91FAC0D7B00BAE236 /* UIDevice+Extensions.swift in Sources */ = {isa = PBXBuildFile; fileRef = 3047EDB81FAC0D7B00BAE236 /* UIDevice+Extensions.swift */; };
		3047EDBB1FAC108700BAE236 /* BooleanSettingView.swift in Sources */ = {isa = PBXBuildFile; fileRef = 3047EDBA1FAC108700BAE236 /* BooleanSettingView.swift */; };
		3047EDBD1FAC168300BAE236 /* LanguagesView.swift in Sources */ = {isa = PBXBuildFile; fileRef = 3047EDBC1FAC168300BAE236 /* LanguagesView.swift */; };
		3047EDBF1FAC371D00BAE236 /* UIColor+Theme.swift in Sources */ = {isa = PBXBuildFile; fileRef = 3047EDBE1FAC371D00BAE236 /* UIColor+Theme.swift */; };
		3047EDC11FACD94300BAE236 /* ReportView.swift in Sources */ = {isa = PBXBuildFile; fileRef = 3047EDC01FACD94300BAE236 /* ReportView.swift */; };
		30B2C4691FAB8D8100A4B683 /* OBNumeric.m in Sources */ = {isa = PBXBuildFile; fileRef = 30B2C4681FAB8D8100A4B683 /* OBNumeric.m */; };
		30B2C46B1FAB941100A4B683 /* OBNumericTest.swift in Sources */ = {isa = PBXBuildFile; fileRef = 30B2C46A1FAB941100A4B683 /* OBNumericTest.swift */; };
		30B2C46D1FABEF2700A4B683 /* DeviceInfoView.swift in Sources */ = {isa = PBXBuildFile; fileRef = 30B2C46C1FABEF2700A4B683 /* DeviceInfoView.swift */; };
/* End PBXBuildFile section */

/* Begin PBXContainerItemProxy section */
		3038CDAA1FAAD7D300E401C4 /* PBXContainerItemProxy */ = {
			isa = PBXContainerItemProxy;
			containerPortal = 3038CD8D1FAAD7D300E401C4 /* Project object */;
			proxyType = 1;
			remoteGlobalIDString = 3038CD941FAAD7D300E401C4;
			remoteInfo = Wabbit;
		};
		3038CDB51FAAD7D300E401C4 /* PBXContainerItemProxy */ = {
			isa = PBXContainerItemProxy;
			containerPortal = 3038CD8D1FAAD7D300E401C4 /* Project object */;
			proxyType = 1;
			remoteGlobalIDString = 3038CD941FAAD7D300E401C4;
			remoteInfo = Wabbit;
		};
/* End PBXContainerItemProxy section */

/* Begin PBXFileReference section */
		30130E4A1FAD551600370EAC /* ReportViewCell.swift */ = {isa = PBXFileReference; lastKnownFileType = sourcecode.swift; path = ReportViewCell.swift; sourceTree = "<group>"; };
		3038CD951FAAD7D300E401C4 /* Wabbit.app */ = {isa = PBXFileReference; explicitFileType = wrapper.application; includeInIndex = 0; path = Wabbit.app; sourceTree = BUILT_PRODUCTS_DIR; };
		3038CD981FAAD7D300E401C4 /* AppDelegate.swift */ = {isa = PBXFileReference; lastKnownFileType = sourcecode.swift; path = AppDelegate.swift; sourceTree = "<group>"; };
		3038CD9A1FAAD7D300E401C4 /* MainViewController.swift */ = {isa = PBXFileReference; lastKnownFileType = sourcecode.swift; path = MainViewController.swift; sourceTree = "<group>"; };
		3038CD9F1FAAD7D300E401C4 /* Assets.xcassets */ = {isa = PBXFileReference; lastKnownFileType = folder.assetcatalog; path = Assets.xcassets; sourceTree = "<group>"; };
		3038CDA21FAAD7D300E401C4 /* Base */ = {isa = PBXFileReference; lastKnownFileType = file.storyboard; name = Base; path = Base.lproj/LaunchScreen.storyboard; sourceTree = "<group>"; };
		3038CDA41FAAD7D300E401C4 /* Info.plist */ = {isa = PBXFileReference; lastKnownFileType = text.plist.xml; path = Info.plist; sourceTree = "<group>"; };
		3038CDA91FAAD7D300E401C4 /* WabbitTests.xctest */ = {isa = PBXFileReference; explicitFileType = wrapper.cfbundle; includeInIndex = 0; path = WabbitTests.xctest; sourceTree = BUILT_PRODUCTS_DIR; };
		3038CDAD1FAAD7D300E401C4 /* BenchmarkTests.swift */ = {isa = PBXFileReference; lastKnownFileType = sourcecode.swift; path = BenchmarkTests.swift; sourceTree = "<group>"; };
		3038CDAF1FAAD7D300E401C4 /* Info.plist */ = {isa = PBXFileReference; lastKnownFileType = text.plist.xml; path = Info.plist; sourceTree = "<group>"; };
		3038CDB41FAAD7D300E401C4 /* WabbitUITests.xctest */ = {isa = PBXFileReference; explicitFileType = wrapper.cfbundle; includeInIndex = 0; path = WabbitUITests.xctest; sourceTree = BUILT_PRODUCTS_DIR; };
		3038CDB81FAAD7D300E401C4 /* WabbitUITests.swift */ = {isa = PBXFileReference; lastKnownFileType = sourcecode.swift; path = WabbitUITests.swift; sourceTree = "<group>"; };
		3038CDBA1FAAD7D300E401C4 /* Info.plist */ = {isa = PBXFileReference; lastKnownFileType = text.plist.xml; path = Info.plist; sourceTree = "<group>"; };
		3038CDC91FAAE38100E401C4 /* Report.swift */ = {isa = PBXFileReference; lastKnownFileType = sourcecode.swift; path = Report.swift; sourceTree = "<group>"; };
		3038CDCB1FAAE39800E401C4 /* Benchmark.swift */ = {isa = PBXFileReference; lastKnownFileType = sourcecode.swift; path = Benchmark.swift; sourceTree = "<group>"; };
		3038CDCF1FAAEA8600E401C4 /* SWCrypto.swift */ = {isa = PBXFileReference; lastKnownFileType = sourcecode.swift; path = SWCrypto.swift; sourceTree = "<group>"; };
		3038CDD11FAAED4600E401C4 /* OBCrypto.h */ = {isa = PBXFileReference; lastKnownFileType = sourcecode.c.h; path = OBCrypto.h; sourceTree = "<group>"; };
		3038CDD21FAAED6600E401C4 /* Wabbit-Bridging-Header.h */ = {isa = PBXFileReference; lastKnownFileType = sourcecode.c.h; path = "Wabbit-Bridging-Header.h"; sourceTree = "<group>"; };
		3038CDD31FAAED6700E401C4 /* OBCrypto.m */ = {isa = PBXFileReference; lastKnownFileType = sourcecode.c.objc; path = OBCrypto.m; sourceTree = "<group>"; };
		3038CDD91FAAF02000E401C4 /* SWCryptoTests.swift */ = {isa = PBXFileReference; lastKnownFileType = sourcecode.swift; path = SWCryptoTests.swift; sourceTree = "<group>"; };
		3038CDDB1FAAF45000E401C4 /* SWNumeric.swift */ = {isa = PBXFileReference; lastKnownFileType = sourcecode.swift; path = SWNumeric.swift; sourceTree = "<group>"; };
		3038CDDD1FAAF62300E401C4 /* SWNumericTests.swift */ = {isa = PBXFileReference; lastKnownFileType = sourcecode.swift; path = SWNumericTests.swift; sourceTree = "<group>"; };
		3038CDDF1FAB012600E401C4 /* Exercise.swift */ = {isa = PBXFileReference; lastKnownFileType = sourcecode.swift; path = Exercise.swift; sourceTree = "<group>"; };
		3038CDE11FAB055000E401C4 /* ExcersiceTests.swift */ = {isa = PBXFileReference; lastKnownFileType = sourcecode.swift; path = ExcersiceTests.swift; sourceTree = "<group>"; };
		3038CDE31FAB875100E401C4 /* OBCryptoTest.swift */ = {isa = PBXFileReference; lastKnownFileType = sourcecode.swift; path = OBCryptoTest.swift; sourceTree = "<group>"; };
		3047EDB81FAC0D7B00BAE236 /* UIDevice+Extensions.swift */ = {isa = PBXFileReference; lastKnownFileType = sourcecode.swift; path = "UIDevice+Extensions.swift"; sourceTree = "<group>"; };
		3047EDBA1FAC108700BAE236 /* BooleanSettingView.swift */ = {isa = PBXFileReference; lastKnownFileType = sourcecode.swift; path = BooleanSettingView.swift; sourceTree = "<group>"; };
		3047EDBC1FAC168300BAE236 /* LanguagesView.swift */ = {isa = PBXFileReference; lastKnownFileType = sourcecode.swift; path = LanguagesView.swift; sourceTree = "<group>"; };
		3047EDBE1FAC371D00BAE236 /* UIColor+Theme.swift */ = {isa = PBXFileReference; lastKnownFileType = sourcecode.swift; path = "UIColor+Theme.swift"; sourceTree = "<group>"; };
		3047EDC01FACD94300BAE236 /* ReportView.swift */ = {isa = PBXFileReference; lastKnownFileType = sourcecode.swift; path = ReportView.swift; sourceTree = "<group>"; };
		30B2C4671FAB8D8100A4B683 /* OBNumeric.h */ = {isa = PBXFileReference; lastKnownFileType = sourcecode.c.h; path = OBNumeric.h; sourceTree = "<group>"; };
		30B2C4681FAB8D8100A4B683 /* OBNumeric.m */ = {isa = PBXFileReference; lastKnownFileType = sourcecode.c.objc; path = OBNumeric.m; sourceTree = "<group>"; };
		30B2C46A1FAB941100A4B683 /* OBNumericTest.swift */ = {isa = PBXFileReference; lastKnownFileType = sourcecode.swift; path = OBNumericTest.swift; sourceTree = "<group>"; };
		30B2C46C1FABEF2700A4B683 /* DeviceInfoView.swift */ = {isa = PBXFileReference; lastKnownFileType = sourcecode.swift; path = DeviceInfoView.swift; sourceTree = "<group>"; };
/* End PBXFileReference section */

/* Begin PBXFrameworksBuildPhase section */
		3038CD921FAAD7D300E401C4 /* Frameworks */ = {
			isa = PBXFrameworksBuildPhase;
			buildActionMask = 2147483647;
			files = (
			);
			runOnlyForDeploymentPostprocessing = 0;
		};
		3038CDA61FAAD7D300E401C4 /* Frameworks */ = {
			isa = PBXFrameworksBuildPhase;
			buildActionMask = 2147483647;
			files = (
			);
			runOnlyForDeploymentPostprocessing = 0;
		};
		3038CDB11FAAD7D300E401C4 /* Frameworks */ = {
			isa = PBXFrameworksBuildPhase;
			buildActionMask = 2147483647;
			files = (
			);
			runOnlyForDeploymentPostprocessing = 0;
		};
/* End PBXFrameworksBuildPhase section */

/* Begin PBXGroup section */
		3038CD8C1FAAD7D300E401C4 = {
			isa = PBXGroup;
			children = (
				3038CD971FAAD7D300E401C4 /* Wabbit */,
				3038CDAC1FAAD7D300E401C4 /* WabbitTests */,
				3038CDB71FAAD7D300E401C4 /* WabbitUITests */,
				3038CD961FAAD7D300E401C4 /* Products */,
			);
			sourceTree = "<group>";
		};
		3038CD961FAAD7D300E401C4 /* Products */ = {
			isa = PBXGroup;
			children = (
				3038CD951FAAD7D300E401C4 /* Wabbit.app */,
				3038CDA91FAAD7D300E401C4 /* WabbitTests.xctest */,
				3038CDB41FAAD7D300E401C4 /* WabbitUITests.xctest */,
			);
			name = Products;
			sourceTree = "<group>";
		};
		3038CD971FAAD7D300E401C4 /* Wabbit */ = {
			isa = PBXGroup;
			children = (
				3038CDC81FAAE28C00E401C4 /* models */,
				3038CDC71FAAE27B00E401C4 /* controllers */,
				3038CDC61FAAE26F00E401C4 /* views */,
				3038CD981FAAD7D300E401C4 /* AppDelegate.swift */,
				3038CD9F1FAAD7D300E401C4 /* Assets.xcassets */,
				3038CDA11FAAD7D300E401C4 /* LaunchScreen.storyboard */,
				3038CDA41FAAD7D300E401C4 /* Info.plist */,
				3047EDB81FAC0D7B00BAE236 /* UIDevice+Extensions.swift */,
				3047EDBE1FAC371D00BAE236 /* UIColor+Theme.swift */,
			);
			path = Wabbit;
			sourceTree = "<group>";
		};
		3038CDAC1FAAD7D300E401C4 /* WabbitTests */ = {
			isa = PBXGroup;
			children = (
				3038CDCD1FAAE3CC00E401C4 /* models */,
				3038CDAF1FAAD7D300E401C4 /* Info.plist */,
			);
			path = WabbitTests;
			sourceTree = "<group>";
		};
		3038CDB71FAAD7D300E401C4 /* WabbitUITests */ = {
			isa = PBXGroup;
			children = (
				3038CDB81FAAD7D300E401C4 /* WabbitUITests.swift */,
				3038CDBA1FAAD7D300E401C4 /* Info.plist */,
			);
			path = WabbitUITests;
			sourceTree = "<group>";
		};
		3038CDC61FAAE26F00E401C4 /* views */ = {
			isa = PBXGroup;
			children = (
				30B2C46C1FABEF2700A4B683 /* DeviceInfoView.swift */,
				3047EDBA1FAC108700BAE236 /* BooleanSettingView.swift */,
				3047EDBC1FAC168300BAE236 /* LanguagesView.swift */,
				3047EDC01FACD94300BAE236 /* ReportView.swift */,
				30130E4A1FAD551600370EAC /* ReportViewCell.swift */,
			);
			path = views;
			sourceTree = "<group>";
		};
		3038CDC71FAAE27B00E401C4 /* controllers */ = {
			isa = PBXGroup;
			children = (
				3038CD9A1FAAD7D300E401C4 /* MainViewController.swift */,
			);
			path = controllers;
			sourceTree = "<group>";
		};
		3038CDC81FAAE28C00E401C4 /* models */ = {
			isa = PBXGroup;
			children = (
				3038CDCE1FAAEA4600E401C4 /* algorithms */,
				3038CDC91FAAE38100E401C4 /* Report.swift */,
				3038CDCB1FAAE39800E401C4 /* Benchmark.swift */,
				3038CDDF1FAB012600E401C4 /* Exercise.swift */,
			);
			path = models;
			sourceTree = "<group>";
		};
		3038CDCD1FAAE3CC00E401C4 /* models */ = {
			isa = PBXGroup;
			children = (
				3038CDD81FAAF00E00E401C4 /* algorithms */,
				3038CDAD1FAAD7D300E401C4 /* BenchmarkTests.swift */,
				3038CDE11FAB055000E401C4 /* ExcersiceTests.swift */,
			);
			path = models;
			sourceTree = "<group>";
		};
		3038CDCE1FAAEA4600E401C4 /* algorithms */ = {
			isa = PBXGroup;
			children = (
				3038CDCF1FAAEA8600E401C4 /* SWCrypto.swift */,
				3038CDDB1FAAF45000E401C4 /* SWNumeric.swift */,
				3038CDD11FAAED4600E401C4 /* OBCrypto.h */,
				3038CDD31FAAED6700E401C4 /* OBCrypto.m */,
				30B2C4671FAB8D8100A4B683 /* OBNumeric.h */,
				30B2C4681FAB8D8100A4B683 /* OBNumeric.m */,
				3038CDD21FAAED6600E401C4 /* Wabbit-Bridging-Header.h */,
			);
			path = algorithms;
			sourceTree = "<group>";
		};
		3038CDD81FAAF00E00E401C4 /* algorithms */ = {
			isa = PBXGroup;
			children = (
				3038CDD91FAAF02000E401C4 /* SWCryptoTests.swift */,
				3038CDDD1FAAF62300E401C4 /* SWNumericTests.swift */,
				3038CDE31FAB875100E401C4 /* OBCryptoTest.swift */,
				30B2C46A1FAB941100A4B683 /* OBNumericTest.swift */,
			);
			path = algorithms;
			sourceTree = "<group>";
		};
/* End PBXGroup section */

/* Begin PBXNativeTarget section */
		3038CD941FAAD7D300E401C4 /* Wabbit */ = {
			isa = PBXNativeTarget;
			buildConfigurationList = 3038CDBD1FAAD7D300E401C4 /* Build configuration list for PBXNativeTarget "Wabbit" */;
			buildPhases = (
				3038CD911FAAD7D300E401C4 /* Sources */,
				3038CD921FAAD7D300E401C4 /* Frameworks */,
				3038CD931FAAD7D300E401C4 /* Resources */,
			);
			buildRules = (
			);
			dependencies = (
			);
			name = Wabbit;
			productName = Wabbit;
			productReference = 3038CD951FAAD7D300E401C4 /* Wabbit.app */;
			productType = "com.apple.product-type.application";
		};
		3038CDA81FAAD7D300E401C4 /* WabbitTests */ = {
			isa = PBXNativeTarget;
			buildConfigurationList = 3038CDC01FAAD7D300E401C4 /* Build configuration list for PBXNativeTarget "WabbitTests" */;
			buildPhases = (
				3038CDA51FAAD7D300E401C4 /* Sources */,
				3038CDA61FAAD7D300E401C4 /* Frameworks */,
				3038CDA71FAAD7D300E401C4 /* Resources */,
			);
			buildRules = (
			);
			dependencies = (
				3038CDAB1FAAD7D300E401C4 /* PBXTargetDependency */,
			);
			name = WabbitTests;
			productName = WabbitTests;
			productReference = 3038CDA91FAAD7D300E401C4 /* WabbitTests.xctest */;
			productType = "com.apple.product-type.bundle.unit-test";
		};
		3038CDB31FAAD7D300E401C4 /* WabbitUITests */ = {
			isa = PBXNativeTarget;
			buildConfigurationList = 3038CDC31FAAD7D300E401C4 /* Build configuration list for PBXNativeTarget "WabbitUITests" */;
			buildPhases = (
				3038CDB01FAAD7D300E401C4 /* Sources */,
				3038CDB11FAAD7D300E401C4 /* Frameworks */,
				3038CDB21FAAD7D300E401C4 /* Resources */,
			);
			buildRules = (
			);
			dependencies = (
				3038CDB61FAAD7D300E401C4 /* PBXTargetDependency */,
			);
			name = WabbitUITests;
			productName = WabbitUITests;
			productReference = 3038CDB41FAAD7D300E401C4 /* WabbitUITests.xctest */;
			productType = "com.apple.product-type.bundle.ui-testing";
		};
/* End PBXNativeTarget section */

/* Begin PBXProject section */
		3038CD8D1FAAD7D300E401C4 /* Project object */ = {
			isa = PBXProject;
			attributes = {
				LastSwiftUpdateCheck = 0910;
				LastUpgradeCheck = 0910;
				ORGANIZATIONNAME = "Luis Ezcurdia";
				TargetAttributes = {
					3038CD941FAAD7D300E401C4 = {
						CreatedOnToolsVersion = 9.1;
						LastSwiftMigration = 0910;
						ProvisioningStyle = Automatic;
					};
					3038CDA81FAAD7D300E401C4 = {
						CreatedOnToolsVersion = 9.1;
						ProvisioningStyle = Automatic;
						TestTargetID = 3038CD941FAAD7D300E401C4;
					};
					3038CDB31FAAD7D300E401C4 = {
						CreatedOnToolsVersion = 9.1;
						ProvisioningStyle = Automatic;
						TestTargetID = 3038CD941FAAD7D300E401C4;
					};
				};
			};
			buildConfigurationList = 3038CD901FAAD7D300E401C4 /* Build configuration list for PBXProject "Wabbit" */;
			compatibilityVersion = "Xcode 8.0";
			developmentRegion = en;
			hasScannedForEncodings = 0;
			knownRegions = (
				en,
				Base,
			);
			mainGroup = 3038CD8C1FAAD7D300E401C4;
			productRefGroup = 3038CD961FAAD7D300E401C4 /* Products */;
			projectDirPath = "";
			projectRoot = "";
			targets = (
				3038CD941FAAD7D300E401C4 /* Wabbit */,
				3038CDA81FAAD7D300E401C4 /* WabbitTests */,
				3038CDB31FAAD7D300E401C4 /* WabbitUITests */,
			);
		};
/* End PBXProject section */

/* Begin PBXResourcesBuildPhase section */
		3038CD931FAAD7D300E401C4 /* Resources */ = {
			isa = PBXResourcesBuildPhase;
			buildActionMask = 2147483647;
			files = (
				3038CDA31FAAD7D300E401C4 /* LaunchScreen.storyboard in Resources */,
				3038CDA01FAAD7D300E401C4 /* Assets.xcassets in Resources */,
			);
			runOnlyForDeploymentPostprocessing = 0;
		};
		3038CDA71FAAD7D300E401C4 /* Resources */ = {
			isa = PBXResourcesBuildPhase;
			buildActionMask = 2147483647;
			files = (
			);
			runOnlyForDeploymentPostprocessing = 0;
		};
		3038CDB21FAAD7D300E401C4 /* Resources */ = {
			isa = PBXResourcesBuildPhase;
			buildActionMask = 2147483647;
			files = (
			);
			runOnlyForDeploymentPostprocessing = 0;
		};
/* End PBXResourcesBuildPhase section */

/* Begin PBXSourcesBuildPhase section */
		3038CD911FAAD7D300E401C4 /* Sources */ = {
			isa = PBXSourcesBuildPhase;
			buildActionMask = 2147483647;
			files = (
				3038CD9B1FAAD7D300E401C4 /* MainViewController.swift in Sources */,
				3038CDE01FAB012600E401C4 /* Exercise.swift in Sources */,
				30B2C46D1FABEF2700A4B683 /* DeviceInfoView.swift in Sources */,
				3038CDCC1FAAE39800E401C4 /* Benchmark.swift in Sources */,
				3038CDDC1FAAF45000E401C4 /* SWNumeric.swift in Sources */,
				3047EDBF1FAC371D00BAE236 /* UIColor+Theme.swift in Sources */,
				30130E4B1FAD551600370EAC /* ReportViewCell.swift in Sources */,
				3038CD991FAAD7D300E401C4 /* AppDelegate.swift in Sources */,
				3047EDB91FAC0D7B00BAE236 /* UIDevice+Extensions.swift in Sources */,
				3047EDC11FACD94300BAE236 /* ReportView.swift in Sources */,
				3047EDBD1FAC168300BAE236 /* LanguagesView.swift in Sources */,
				3038CDD41FAAED6700E401C4 /* OBCrypto.m in Sources */,
				3047EDBB1FAC108700BAE236 /* BooleanSettingView.swift in Sources */,
				30B2C4691FAB8D8100A4B683 /* OBNumeric.m in Sources */,
				3038CDD01FAAEA8600E401C4 /* SWCrypto.swift in Sources */,
				3038CDCA1FAAE38100E401C4 /* Report.swift in Sources */,
			);
			runOnlyForDeploymentPostprocessing = 0;
		};
		3038CDA51FAAD7D300E401C4 /* Sources */ = {
			isa = PBXSourcesBuildPhase;
			buildActionMask = 2147483647;
			files = (
				3038CDDA1FAAF02000E401C4 /* SWCryptoTests.swift in Sources */,
				3038CDE21FAB055000E401C4 /* ExcersiceTests.swift in Sources */,
				30B2C46B1FAB941100A4B683 /* OBNumericTest.swift in Sources */,
				3038CDDE1FAAF62300E401C4 /* SWNumericTests.swift in Sources */,
				3038CDAE1FAAD7D300E401C4 /* BenchmarkTests.swift in Sources */,
				3038CDE41FAB875100E401C4 /* OBCryptoTest.swift in Sources */,
			);
			runOnlyForDeploymentPostprocessing = 0;
		};
		3038CDB01FAAD7D300E401C4 /* Sources */ = {
			isa = PBXSourcesBuildPhase;
			buildActionMask = 2147483647;
			files = (
				3038CDB91FAAD7D300E401C4 /* WabbitUITests.swift in Sources */,
			);
			runOnlyForDeploymentPostprocessing = 0;
		};
/* End PBXSourcesBuildPhase section */

/* Begin PBXTargetDependency section */
		3038CDAB1FAAD7D300E401C4 /* PBXTargetDependency */ = {
			isa = PBXTargetDependency;
			target = 3038CD941FAAD7D300E401C4 /* Wabbit */;
			targetProxy = 3038CDAA1FAAD7D300E401C4 /* PBXContainerItemProxy */;
		};
		3038CDB61FAAD7D300E401C4 /* PBXTargetDependency */ = {
			isa = PBXTargetDependency;
			target = 3038CD941FAAD7D300E401C4 /* Wabbit */;
			targetProxy = 3038CDB51FAAD7D300E401C4 /* PBXContainerItemProxy */;
		};
/* End PBXTargetDependency section */

/* Begin PBXVariantGroup section */
		3038CDA11FAAD7D300E401C4 /* LaunchScreen.storyboard */ = {
			isa = PBXVariantGroup;
			children = (
				3038CDA21FAAD7D300E401C4 /* Base */,
			);
			name = LaunchScreen.storyboard;
			sourceTree = "<group>";
		};
/* End PBXVariantGroup section */

/* Begin XCBuildConfiguration section */
		3038CDBB1FAAD7D300E401C4 /* Debug */ = {
			isa = XCBuildConfiguration;
			buildSettings = {
				ALWAYS_SEARCH_USER_PATHS = NO;
				CLANG_ANALYZER_NONNULL = YES;
				CLANG_ANALYZER_NUMBER_OBJECT_CONVERSION = YES_AGGRESSIVE;
				CLANG_CXX_LANGUAGE_STANDARD = "gnu++14";
				CLANG_CXX_LIBRARY = "libc++";
				CLANG_ENABLE_MODULES = YES;
				CLANG_ENABLE_OBJC_ARC = YES;
				CLANG_WARN_BLOCK_CAPTURE_AUTORELEASING = YES;
				CLANG_WARN_BOOL_CONVERSION = YES;
				CLANG_WARN_COMMA = YES;
				CLANG_WARN_CONSTANT_CONVERSION = YES;
				CLANG_WARN_DIRECT_OBJC_ISA_USAGE = YES_ERROR;
				CLANG_WARN_DOCUMENTATION_COMMENTS = YES;
				CLANG_WARN_EMPTY_BODY = YES;
				CLANG_WARN_ENUM_CONVERSION = YES;
				CLANG_WARN_INFINITE_RECURSION = YES;
				CLANG_WARN_INT_CONVERSION = YES;
				CLANG_WARN_NON_LITERAL_NULL_CONVERSION = YES;
				CLANG_WARN_OBJC_LITERAL_CONVERSION = YES;
				CLANG_WARN_OBJC_ROOT_CLASS = YES_ERROR;
				CLANG_WARN_RANGE_LOOP_ANALYSIS = YES;
				CLANG_WARN_STRICT_PROTOTYPES = YES;
				CLANG_WARN_SUSPICIOUS_MOVE = YES;
				CLANG_WARN_UNGUARDED_AVAILABILITY = YES_AGGRESSIVE;
				CLANG_WARN_UNREACHABLE_CODE = YES;
				CLANG_WARN__DUPLICATE_METHOD_MATCH = YES;
				CODE_SIGN_IDENTITY = "iPhone Developer";
				COPY_PHASE_STRIP = NO;
				DEBUG_INFORMATION_FORMAT = dwarf;
				ENABLE_STRICT_OBJC_MSGSEND = YES;
				ENABLE_TESTABILITY = YES;
				GCC_C_LANGUAGE_STANDARD = gnu11;
				GCC_DYNAMIC_NO_PIC = NO;
				GCC_NO_COMMON_BLOCKS = YES;
				GCC_OPTIMIZATION_LEVEL = 0;
				GCC_PREPROCESSOR_DEFINITIONS = (
					"DEBUG=1",
					"$(inherited)",
				);
				GCC_WARN_64_TO_32_BIT_CONVERSION = YES;
				GCC_WARN_ABOUT_RETURN_TYPE = YES_ERROR;
				GCC_WARN_UNDECLARED_SELECTOR = YES;
				GCC_WARN_UNINITIALIZED_AUTOS = YES_AGGRESSIVE;
				GCC_WARN_UNUSED_FUNCTION = YES;
				GCC_WARN_UNUSED_VARIABLE = YES;
				IPHONEOS_DEPLOYMENT_TARGET = 11.1;
				MTL_ENABLE_DEBUG_INFO = YES;
				ONLY_ACTIVE_ARCH = YES;
				SDKROOT = iphoneos;
				SWIFT_ACTIVE_COMPILATION_CONDITIONS = DEBUG;
				SWIFT_OPTIMIZATION_LEVEL = "-Onone";
			};
			name = Debug;
		};
		3038CDBC1FAAD7D300E401C4 /* Release */ = {
			isa = XCBuildConfiguration;
			buildSettings = {
				ALWAYS_SEARCH_USER_PATHS = NO;
				CLANG_ANALYZER_NONNULL = YES;
				CLANG_ANALYZER_NUMBER_OBJECT_CONVERSION = YES_AGGRESSIVE;
				CLANG_CXX_LANGUAGE_STANDARD = "gnu++14";
				CLANG_CXX_LIBRARY = "libc++";
				CLANG_ENABLE_MODULES = YES;
				CLANG_ENABLE_OBJC_ARC = YES;
				CLANG_WARN_BLOCK_CAPTURE_AUTORELEASING = YES;
				CLANG_WARN_BOOL_CONVERSION = YES;
				CLANG_WARN_COMMA = YES;
				CLANG_WARN_CONSTANT_CONVERSION = YES;
				CLANG_WARN_DIRECT_OBJC_ISA_USAGE = YES_ERROR;
				CLANG_WARN_DOCUMENTATION_COMMENTS = YES;
				CLANG_WARN_EMPTY_BODY = YES;
				CLANG_WARN_ENUM_CONVERSION = YES;
				CLANG_WARN_INFINITE_RECURSION = YES;
				CLANG_WARN_INT_CONVERSION = YES;
				CLANG_WARN_NON_LITERAL_NULL_CONVERSION = YES;
				CLANG_WARN_OBJC_LITERAL_CONVERSION = YES;
				CLANG_WARN_OBJC_ROOT_CLASS = YES_ERROR;
				CLANG_WARN_RANGE_LOOP_ANALYSIS = YES;
				CLANG_WARN_STRICT_PROTOTYPES = YES;
				CLANG_WARN_SUSPICIOUS_MOVE = YES;
				CLANG_WARN_UNGUARDED_AVAILABILITY = YES_AGGRESSIVE;
				CLANG_WARN_UNREACHABLE_CODE = YES;
				CLANG_WARN__DUPLICATE_METHOD_MATCH = YES;
				CODE_SIGN_IDENTITY = "iPhone Developer";
				COPY_PHASE_STRIP = NO;
				DEBUG_INFORMATION_FORMAT = "dwarf-with-dsym";
				ENABLE_NS_ASSERTIONS = NO;
				ENABLE_STRICT_OBJC_MSGSEND = YES;
				GCC_C_LANGUAGE_STANDARD = gnu11;
				GCC_NO_COMMON_BLOCKS = YES;
				GCC_WARN_64_TO_32_BIT_CONVERSION = YES;
				GCC_WARN_ABOUT_RETURN_TYPE = YES_ERROR;
				GCC_WARN_UNDECLARED_SELECTOR = YES;
				GCC_WARN_UNINITIALIZED_AUTOS = YES_AGGRESSIVE;
				GCC_WARN_UNUSED_FUNCTION = YES;
				GCC_WARN_UNUSED_VARIABLE = YES;
				IPHONEOS_DEPLOYMENT_TARGET = 11.1;
				MTL_ENABLE_DEBUG_INFO = NO;
				SDKROOT = iphoneos;
				SWIFT_OPTIMIZATION_LEVEL = "-Owholemodule";
				VALIDATE_PRODUCT = YES;
			};
			name = Release;
		};
		3038CDBE1FAAD7D300E401C4 /* Debug */ = {
			isa = XCBuildConfiguration;
			buildSettings = {
				ASSETCATALOG_COMPILER_APPICON_NAME = AppIcon;
				CLANG_ENABLE_MODULES = YES;
				CODE_SIGN_STYLE = Automatic;
				DEVELOPMENT_TEAM = D3XL2U7DQC;
				INFOPLIST_FILE = Wabbit/Info.plist;
				LD_RUNPATH_SEARCH_PATHS = "$(inherited) @executable_path/Frameworks";
				PRODUCT_BUNDLE_IDENTIFIER = org.ezcurdia.Wabbit;
				PRODUCT_NAME = "$(TARGET_NAME)";
				SWIFT_OBJC_BRIDGING_HEADER = "Wabbit/models/algorithms/Wabbit-Bridging-Header.h";
				SWIFT_OPTIMIZATION_LEVEL = "-Onone";
				SWIFT_VERSION = 4.0;
				TARGETED_DEVICE_FAMILY = 1;
			};
			name = Debug;
		};
		3038CDBF1FAAD7D300E401C4 /* Release */ = {
			isa = XCBuildConfiguration;
			buildSettings = {
				ASSETCATALOG_COMPILER_APPICON_NAME = AppIcon;
				CLANG_ENABLE_MODULES = YES;
				CODE_SIGN_STYLE = Automatic;
				DEVELOPMENT_TEAM = D3XL2U7DQC;
				INFOPLIST_FILE = Wabbit/Info.plist;
				LD_RUNPATH_SEARCH_PATHS = "$(inherited) @executable_path/Frameworks";
				PRODUCT_BUNDLE_IDENTIFIER = org.ezcurdia.Wabbit;
				PRODUCT_NAME = "$(TARGET_NAME)";
				SWIFT_OBJC_BRIDGING_HEADER = "Wabbit/models/algorithms/Wabbit-Bridging-Header.h";
				SWIFT_VERSION = 4.0;
				TARGETED_DEVICE_FAMILY = 1;
			};
			name = Release;
		};
		3038CDC11FAAD7D300E401C4 /* Debug */ = {
			isa = XCBuildConfiguration;
			buildSettings = {
				ALWAYS_EMBED_SWIFT_STANDARD_LIBRARIES = YES;
				BUNDLE_LOADER = "$(TEST_HOST)";
				CODE_SIGN_STYLE = Automatic;
				DEVELOPMENT_TEAM = D3XL2U7DQC;
				INFOPLIST_FILE = WabbitTests/Info.plist;
				LD_RUNPATH_SEARCH_PATHS = "$(inherited) @executable_path/Frameworks @loader_path/Frameworks";
				PRODUCT_BUNDLE_IDENTIFIER = org.ezcurdia.WabbitTests;
				PRODUCT_NAME = "$(TARGET_NAME)";
				SWIFT_VERSION = 4.0;
				TARGETED_DEVICE_FAMILY = "1,2";
				TEST_HOST = "$(BUILT_PRODUCTS_DIR)/Wabbit.app/Wabbit";
			};
			name = Debug;
		};
		3038CDC21FAAD7D300E401C4 /* Release */ = {
			isa = XCBuildConfiguration;
			buildSettings = {
				ALWAYS_EMBED_SWIFT_STANDARD_LIBRARIES = YES;
				BUNDLE_LOADER = "$(TEST_HOST)";
				CODE_SIGN_STYLE = Automatic;
				DEVELOPMENT_TEAM = D3XL2U7DQC;
				INFOPLIST_FILE = WabbitTests/Info.plist;
				LD_RUNPATH_SEARCH_PATHS = "$(inherited) @executable_path/Frameworks @loader_path/Frameworks";
				PRODUCT_BUNDLE_IDENTIFIER = org.ezcurdia.WabbitTests;
				PRODUCT_NAME = "$(TARGET_NAME)";
				SWIFT_VERSION = 4.0;
				TARGETED_DEVICE_FAMILY = "1,2";
				TEST_HOST = "$(BUILT_PRODUCTS_DIR)/Wabbit.app/Wabbit";
			};
			name = Release;
		};
		3038CDC41FAAD7D300E401C4 /* Debug */ = {
			isa = XCBuildConfiguration;
			buildSettings = {
				ALWAYS_EMBED_SWIFT_STANDARD_LIBRARIES = YES;
				CODE_SIGN_STYLE = Automatic;
				DEVELOPMENT_TEAM = D3XL2U7DQC;
				INFOPLIST_FILE = WabbitUITests/Info.plist;
				LD_RUNPATH_SEARCH_PATHS = "$(inherited) @executable_path/Frameworks @loader_path/Frameworks";
				PRODUCT_BUNDLE_IDENTIFIER = org.ezcurdia.WabbitUITests;
				PRODUCT_NAME = "$(TARGET_NAME)";
				SWIFT_VERSION = 4.0;
				TARGETED_DEVICE_FAMILY = "1,2";
				TEST_TARGET_NAME = Wabbit;
			};
			name = Debug;
		};
		3038CDC51FAAD7D300E401C4 /* Release */ = {
			isa = XCBuildConfiguration;
			buildSettings = {
				ALWAYS_EMBED_SWIFT_STANDARD_LIBRARIES = YES;
				CODE_SIGN_STYLE = Automatic;
				DEVELOPMENT_TEAM = D3XL2U7DQC;
				INFOPLIST_FILE = WabbitUITests/Info.plist;
				LD_RUNPATH_SEARCH_PATHS = "$(inherited) @executable_path/Frameworks @loader_path/Frameworks";
				PRODUCT_BUNDLE_IDENTIFIER = org.ezcurdia.WabbitUITests;
				PRODUCT_NAME = "$(TARGET_NAME)";
				SWIFT_VERSION = 4.0;
				TARGETED_DEVICE_FAMILY = "1,2";
				TEST_TARGET_NAME = Wabbit;
			};
			name = Release;
		};
/* End XCBuildConfiguration section */

/* Begin XCConfigurationList section */
		3038CD901FAAD7D300E401C4 /* Build configuration list for PBXProject "Wabbit" */ = {
			isa = XCConfigurationList;
			buildConfigurations = (
				3038CDBB1FAAD7D300E401C4 /* Debug */,
				3038CDBC1FAAD7D300E401C4 /* Release */,
			);
			defaultConfigurationIsVisible = 0;
			defaultConfigurationName = Release;
		};
		3038CDBD1FAAD7D300E401C4 /* Build configuration list for PBXNativeTarget "Wabbit" */ = {
			isa = XCConfigurationList;
			buildConfigurations = (
				3038CDBE1FAAD7D300E401C4 /* Debug */,
				3038CDBF1FAAD7D300E401C4 /* Release */,
			);
			defaultConfigurationIsVisible = 0;
			defaultConfigurationName = Release;
		};
		3038CDC01FAAD7D300E401C4 /* Build configuration list for PBXNativeTarget "WabbitTests" */ = {
			isa = XCConfigurationList;
			buildConfigurations = (
				3038CDC11FAAD7D300E401C4 /* Debug */,
				3038CDC21FAAD7D300E401C4 /* Release */,
			);
			defaultConfigurationIsVisible = 0;
			defaultConfigurationName = Release;
		};
		3038CDC31FAAD7D300E401C4 /* Build configuration list for PBXNativeTarget "WabbitUITests" */ = {
			isa = XCConfigurationList;
			buildConfigurations = (
				3038CDC41FAAD7D300E401C4 /* Debug */,
				3038CDC51FAAD7D300E401C4 /* Release */,
			);
			defaultConfigurationIsVisible = 0;
			defaultConfigurationName = Release;
		};
/* End XCConfigurationList section */
	};
	rootObject = 3038CD8D1FAAD7D300E401C4 /* Project object */;
}
