// !$*UTF8*$!
{
	archiveVersion = 1;
	classes = {
	};
	objectVersion = 48;
	objects = {

/* Begin PBXBuildFile section */
		20FB32F64C51DC0AA951E899 /* Pods_WabbitTests.framework in Frameworks */ = {isa = PBXBuildFile; fileRef = 62E9300F7368D5EF02917EDB /* Pods_WabbitTests.framework */; };
		30130E4B1FAD551600370EAC /* ReportViewCell.swift in Sources */ = {isa = PBXBuildFile; fileRef = 30130E4A1FAD551600370EAC /* ReportViewCell.swift */; };
		30130E4D1FAE0E4D00370EAC /* ReportGroup.swift in Sources */ = {isa = PBXBuildFile; fileRef = 30130E4C1FAE0E4D00370EAC /* ReportGroup.swift */; };
		30130E541FAE229100370EAC /* lipsum.txt in Resources */ = {isa = PBXBuildFile; fileRef = 30130E531FAE229100370EAC /* lipsum.txt */; };
		30130E581FAE414800370EAC /* logo128.png in Resources */ = {isa = PBXBuildFile; fileRef = 30130E571FAE414800370EAC /* logo128.png */; };
		301A19E41FB61BBB00352332 /* BenchmarkService.swift in Sources */ = {isa = PBXBuildFile; fileRef = 301A19E31FB61BBB00352332 /* BenchmarkService.swift */; };
		301A19E61FB621A900352332 /* SwipeActionViewCell.swift in Sources */ = {isa = PBXBuildFile; fileRef = 301A19E51FB621A800352332 /* SwipeActionViewCell.swift */; };
		3038CD991FAAD7D300E401C4 /* AppDelegate.swift in Sources */ = {isa = PBXBuildFile; fileRef = 3038CD981FAAD7D300E401C4 /* AppDelegate.swift */; };
		3038CD9B1FAAD7D300E401C4 /* MainViewController.swift in Sources */ = {isa = PBXBuildFile; fileRef = 3038CD9A1FAAD7D300E401C4 /* MainViewController.swift */; };
		3038CDA01FAAD7D300E401C4 /* Assets.xcassets in Resources */ = {isa = PBXBuildFile; fileRef = 3038CD9F1FAAD7D300E401C4 /* Assets.xcassets */; };
		3038CDA31FAAD7D300E401C4 /* LaunchScreen.storyboard in Resources */ = {isa = PBXBuildFile; fileRef = 3038CDA11FAAD7D300E401C4 /* LaunchScreen.storyboard */; };
		3038CDAE1FAAD7D300E401C4 /* ReportTests.swift in Sources */ = {isa = PBXBuildFile; fileRef = 3038CDAD1FAAD7D300E401C4 /* ReportTests.swift */; };
		3038CDB91FAAD7D300E401C4 /* WabbitUITests.swift in Sources */ = {isa = PBXBuildFile; fileRef = 3038CDB81FAAD7D300E401C4 /* WabbitUITests.swift */; };
		3038CDCA1FAAE38100E401C4 /* Report.swift in Sources */ = {isa = PBXBuildFile; fileRef = 3038CDC91FAAE38100E401C4 /* Report.swift */; };
		3038CDCC1FAAE39800E401C4 /* Benchmark.swift in Sources */ = {isa = PBXBuildFile; fileRef = 3038CDCB1FAAE39800E401C4 /* Benchmark.swift */; };
		3038CDD01FAAEA8600E401C4 /* Crypto.swift in Sources */ = {isa = PBXBuildFile; fileRef = 3038CDCF1FAAEA8600E401C4 /* Crypto.swift */; };
		3038CDD41FAAED6700E401C4 /* NSCrypto.m in Sources */ = {isa = PBXBuildFile; fileRef = 3038CDD31FAAED6700E401C4 /* NSCrypto.m */; };
		3038CDDA1FAAF02000E401C4 /* CryptoTests.swift in Sources */ = {isa = PBXBuildFile; fileRef = 3038CDD91FAAF02000E401C4 /* CryptoTests.swift */; };
		3038CDDC1FAAF45000E401C4 /* Numeric.swift in Sources */ = {isa = PBXBuildFile; fileRef = 3038CDDB1FAAF45000E401C4 /* Numeric.swift */; };
		3038CDDE1FAAF62300E401C4 /* NumericTests.swift in Sources */ = {isa = PBXBuildFile; fileRef = 3038CDDD1FAAF62300E401C4 /* NumericTests.swift */; };
		3038CDE21FAB055000E401C4 /* BenchmarkTests.swift in Sources */ = {isa = PBXBuildFile; fileRef = 3038CDE11FAB055000E401C4 /* BenchmarkTests.swift */; };
		3047EDB91FAC0D7B00BAE236 /* UIDevice+Extensions.swift in Sources */ = {isa = PBXBuildFile; fileRef = 3047EDB81FAC0D7B00BAE236 /* UIDevice+Extensions.swift */; };
		3047EDBD1FAC168300BAE236 /* LanguagesView.swift in Sources */ = {isa = PBXBuildFile; fileRef = 3047EDBC1FAC168300BAE236 /* LanguagesView.swift */; };
		3047EDBF1FAC371D00BAE236 /* UIColor+Theme.swift in Sources */ = {isa = PBXBuildFile; fileRef = 3047EDBE1FAC371D00BAE236 /* UIColor+Theme.swift */; };
		3047EDC11FACD94300BAE236 /* ReportView.swift in Sources */ = {isa = PBXBuildFile; fileRef = 3047EDC01FACD94300BAE236 /* ReportView.swift */; };
		3083FC171FBCAAD800680302 /* StringManupulationTest.swift in Sources */ = {isa = PBXBuildFile; fileRef = 3083FC161FBCAAD800680302 /* StringManupulationTest.swift */; };
		3083FC191FBCB62800680302 /* StringManipulation.swift in Sources */ = {isa = PBXBuildFile; fileRef = 3083FC181FBCB62800680302 /* StringManipulation.swift */; };
		3083FC1C1FBCB8B700680302 /* NSStringManipulation.m in Sources */ = {isa = PBXBuildFile; fileRef = 3083FC1B1FBCB8B700680302 /* NSStringManipulation.m */; };
		30ABE1961FB174210014082D /* countries.json in Resources */ = {isa = PBXBuildFile; fileRef = 30ABE1951FB174200014082D /* countries.json */; };
		30ABE1991FB174740014082D /* Country.swift in Sources */ = {isa = PBXBuildFile; fileRef = 30ABE1981FB174740014082D /* Country.swift */; };
		30ABE19B1FB175240014082D /* JsonParseTests.swift in Sources */ = {isa = PBXBuildFile; fileRef = 30ABE19A1FB175240014082D /* JsonParseTests.swift */; };
		30ABE19D1FB177630014082D /* JsonParse.swift in Sources */ = {isa = PBXBuildFile; fileRef = 30ABE19C1FB177630014082D /* JsonParse.swift */; };
		30ABE1A21FB17D050014082D /* NSJsonParse.m in Sources */ = {isa = PBXBuildFile; fileRef = 30ABE1A11FB17D050014082D /* NSJsonParse.m */; };
		30ABE1A51FB218130014082D /* NSCountry.m in Sources */ = {isa = PBXBuildFile; fileRef = 30ABE1A41FB218130014082D /* NSCountry.m */; };
		30ABE1AA1FB271E50014082D /* SnapshotHelper.swift in Sources */ = {isa = PBXBuildFile; fileRef = 30ABE1A81FB271DE0014082D /* SnapshotHelper.swift */; };
		30B2C4691FAB8D8100A4B683 /* NSNumeric.m in Sources */ = {isa = PBXBuildFile; fileRef = 30B2C4681FAB8D8100A4B683 /* NSNumeric.m */; };
		30B2C46D1FABEF2700A4B683 /* DeviceInfoView.swift in Sources */ = {isa = PBXBuildFile; fileRef = 30B2C46C1FABEF2700A4B683 /* DeviceInfoView.swift */; };
		C9F38B71259013E9C237B171 /* Pods_Wabbit.framework in Frameworks */ = {isa = PBXBuildFile; fileRef = DD894B927E45DB96151B721E /* Pods_Wabbit.framework */; };
		F90F6A2931E3262789698DE6 /* Pods_WabbitUITests.framework in Frameworks */ = {isa = PBXBuildFile; fileRef = 980F380D34D80490057FD411 /* Pods_WabbitUITests.framework */; };
/* End PBXBuildFile section */

/* Begin PBXContainerItemProxy section */
		3038CDAA1FAAD7D300E401C4 /* PBXContainerItemProxy */ = {
			isa = PBXContainerItemProxy;
			containerPortal = 3038CD8D1FAAD7D300E401C4 /* Project object */;
			proxyType = 1;
			remoteGlobalIDString = 3038CD941FAAD7D300E401C4;
			remoteInfo = Wabbit;
		};
		3038CDB51FAAD7D300E401C4 /* PBXContainerItemProxy */ = {
			isa = PBXContainerItemProxy;
			containerPortal = 3038CD8D1FAAD7D300E401C4 /* Project object */;
			proxyType = 1;
			remoteGlobalIDString = 3038CD941FAAD7D300E401C4;
			remoteInfo = Wabbit;
		};
/* End PBXContainerItemProxy section */

/* Begin PBXFileReference section */
		30130E4A1FAD551600370EAC /* ReportViewCell.swift */ = {isa = PBXFileReference; lastKnownFileType = sourcecode.swift; path = ReportViewCell.swift; sourceTree = "<group>"; };
		30130E4C1FAE0E4D00370EAC /* ReportGroup.swift */ = {isa = PBXFileReference; lastKnownFileType = sourcecode.swift; path = ReportGroup.swift; sourceTree = "<group>"; };
		30130E531FAE229100370EAC /* lipsum.txt */ = {isa = PBXFileReference; lastKnownFileType = text; path = lipsum.txt; sourceTree = "<group>"; };
		30130E571FAE414800370EAC /* logo128.png */ = {isa = PBXFileReference; lastKnownFileType = image.png; path = logo128.png; sourceTree = "<group>"; };
		301A19E31FB61BBB00352332 /* BenchmarkService.swift */ = {isa = PBXFileReference; lastKnownFileType = sourcecode.swift; path = BenchmarkService.swift; sourceTree = "<group>"; };
		301A19E51FB621A800352332 /* SwipeActionViewCell.swift */ = {isa = PBXFileReference; fileEncoding = 4; lastKnownFileType = sourcecode.swift; path = SwipeActionViewCell.swift; sourceTree = "<group>"; };
		3038CD951FAAD7D300E401C4 /* Wabbit.app */ = {isa = PBXFileReference; explicitFileType = wrapper.application; includeInIndex = 0; path = Wabbit.app; sourceTree = BUILT_PRODUCTS_DIR; };
		3038CD981FAAD7D300E401C4 /* AppDelegate.swift */ = {isa = PBXFileReference; lastKnownFileType = sourcecode.swift; path = AppDelegate.swift; sourceTree = "<group>"; };
		3038CD9A1FAAD7D300E401C4 /* MainViewController.swift */ = {isa = PBXFileReference; lastKnownFileType = sourcecode.swift; path = MainViewController.swift; sourceTree = "<group>"; };
		3038CD9F1FAAD7D300E401C4 /* Assets.xcassets */ = {isa = PBXFileReference; lastKnownFileType = folder.assetcatalog; path = Assets.xcassets; sourceTree = "<group>"; };
		3038CDA21FAAD7D300E401C4 /* Base */ = {isa = PBXFileReference; lastKnownFileType = file.storyboard; name = Base; path = Base.lproj/LaunchScreen.storyboard; sourceTree = "<group>"; };
		3038CDA41FAAD7D300E401C4 /* Info.plist */ = {isa = PBXFileReference; lastKnownFileType = text.plist.xml; path = Info.plist; sourceTree = "<group>"; };
		3038CDA91FAAD7D300E401C4 /* WabbitTests.xctest */ = {isa = PBXFileReference; explicitFileType = wrapper.cfbundle; includeInIndex = 0; path = WabbitTests.xctest; sourceTree = BUILT_PRODUCTS_DIR; };
		3038CDAD1FAAD7D300E401C4 /* ReportTests.swift */ = {isa = PBXFileReference; lastKnownFileType = sourcecode.swift; path = ReportTests.swift; sourceTree = "<group>"; };
		3038CDAF1FAAD7D300E401C4 /* Info.plist */ = {isa = PBXFileReference; lastKnownFileType = text.plist.xml; path = Info.plist; sourceTree = "<group>"; };
		3038CDB41FAAD7D300E401C4 /* WabbitUITests.xctest */ = {isa = PBXFileReference; explicitFileType = wrapper.cfbundle; includeInIndex = 0; path = WabbitUITests.xctest; sourceTree = BUILT_PRODUCTS_DIR; };
		3038CDB81FAAD7D300E401C4 /* WabbitUITests.swift */ = {isa = PBXFileReference; lastKnownFileType = sourcecode.swift; path = WabbitUITests.swift; sourceTree = "<group>"; };
		3038CDBA1FAAD7D300E401C4 /* Info.plist */ = {isa = PBXFileReference; lastKnownFileType = text.plist.xml; path = Info.plist; sourceTree = "<group>"; };
		3038CDC91FAAE38100E401C4 /* Report.swift */ = {isa = PBXFileReference; lastKnownFileType = sourcecode.swift; path = Report.swift; sourceTree = "<group>"; };
		3038CDCB1FAAE39800E401C4 /* Benchmark.swift */ = {isa = PBXFileReference; lastKnownFileType = sourcecode.swift; path = Benchmark.swift; sourceTree = "<group>"; };
		3038CDCF1FAAEA8600E401C4 /* Crypto.swift */ = {isa = PBXFileReference; lastKnownFileType = sourcecode.swift; path = Crypto.swift; sourceTree = "<group>"; };
		3038CDD11FAAED4600E401C4 /* NSCrypto.h */ = {isa = PBXFileReference; lastKnownFileType = sourcecode.c.h; path = NSCrypto.h; sourceTree = "<group>"; };
		3038CDD21FAAED6600E401C4 /* Wabbit-Bridging-Header.h */ = {isa = PBXFileReference; lastKnownFileType = sourcecode.c.h; path = "Wabbit-Bridging-Header.h"; sourceTree = "<group>"; };
		3038CDD31FAAED6700E401C4 /* NSCrypto.m */ = {isa = PBXFileReference; lastKnownFileType = sourcecode.c.objc; path = NSCrypto.m; sourceTree = "<group>"; };
		3038CDD91FAAF02000E401C4 /* CryptoTests.swift */ = {isa = PBXFileReference; lastKnownFileType = sourcecode.swift; path = CryptoTests.swift; sourceTree = "<group>"; };
		3038CDDB1FAAF45000E401C4 /* Numeric.swift */ = {isa = PBXFileReference; lastKnownFileType = sourcecode.swift; path = Numeric.swift; sourceTree = "<group>"; };
		3038CDDD1FAAF62300E401C4 /* NumericTests.swift */ = {isa = PBXFileReference; lastKnownFileType = sourcecode.swift; path = NumericTests.swift; sourceTree = "<group>"; };
		3038CDE11FAB055000E401C4 /* BenchmarkTests.swift */ = {isa = PBXFileReference; lastKnownFileType = sourcecode.swift; path = BenchmarkTests.swift; sourceTree = "<group>"; };
		3047EDB81FAC0D7B00BAE236 /* UIDevice+Extensions.swift */ = {isa = PBXFileReference; lastKnownFileType = sourcecode.swift; path = "UIDevice+Extensions.swift"; sourceTree = "<group>"; };
		3047EDBC1FAC168300BAE236 /* LanguagesView.swift */ = {isa = PBXFileReference; lastKnownFileType = sourcecode.swift; path = LanguagesView.swift; sourceTree = "<group>"; };
		3047EDBE1FAC371D00BAE236 /* UIColor+Theme.swift */ = {isa = PBXFileReference; lastKnownFileType = sourcecode.swift; path = "UIColor+Theme.swift"; sourceTree = "<group>"; };
		3047EDC01FACD94300BAE236 /* ReportView.swift */ = {isa = PBXFileReference; lastKnownFileType = sourcecode.swift; path = ReportView.swift; sourceTree = "<group>"; };
		3083FC161FBCAAD800680302 /* StringManupulationTest.swift */ = {isa = PBXFileReference; lastKnownFileType = sourcecode.swift; path = StringManupulationTest.swift; sourceTree = "<group>"; };
		3083FC181FBCB62800680302 /* StringManipulation.swift */ = {isa = PBXFileReference; lastKnownFileType = sourcecode.swift; path = StringManipulation.swift; sourceTree = "<group>"; };
		3083FC1A1FBCB8B700680302 /* NSStringManipulation.h */ = {isa = PBXFileReference; lastKnownFileType = sourcecode.c.h; path = NSStringManipulation.h; sourceTree = "<group>"; };
		3083FC1B1FBCB8B700680302 /* NSStringManipulation.m */ = {isa = PBXFileReference; lastKnownFileType = sourcecode.c.objc; path = NSStringManipulation.m; sourceTree = "<group>"; };
		30ABE1951FB174200014082D /* countries.json */ = {isa = PBXFileReference; fileEncoding = 4; lastKnownFileType = text.json; path = countries.json; sourceTree = "<group>"; };
		30ABE1981FB174740014082D /* Country.swift */ = {isa = PBXFileReference; lastKnownFileType = sourcecode.swift; path = Country.swift; sourceTree = "<group>"; };
		30ABE19A1FB175240014082D /* JsonParseTests.swift */ = {isa = PBXFileReference; lastKnownFileType = sourcecode.swift; path = JsonParseTests.swift; sourceTree = "<group>"; };
		30ABE19C1FB177630014082D /* JsonParse.swift */ = {isa = PBXFileReference; lastKnownFileType = sourcecode.swift; path = JsonParse.swift; sourceTree = "<group>"; };
		30ABE1A01FB17D050014082D /* NSJsonParse.h */ = {isa = PBXFileReference; lastKnownFileType = sourcecode.c.h; path = NSJsonParse.h; sourceTree = "<group>"; };
		30ABE1A11FB17D050014082D /* NSJsonParse.m */ = {isa = PBXFileReference; lastKnownFileType = sourcecode.c.objc; path = NSJsonParse.m; sourceTree = "<group>"; };
		30ABE1A31FB218130014082D /* NSCountry.h */ = {isa = PBXFileReference; lastKnownFileType = sourcecode.c.h; path = NSCountry.h; sourceTree = "<group>"; };
		30ABE1A41FB218130014082D /* NSCountry.m */ = {isa = PBXFileReference; lastKnownFileType = sourcecode.c.objc; path = NSCountry.m; sourceTree = "<group>"; };
		30ABE1A81FB271DE0014082D /* SnapshotHelper.swift */ = {isa = PBXFileReference; fileEncoding = 4; lastKnownFileType = sourcecode.swift; path = SnapshotHelper.swift; sourceTree = "<group>"; };
		30B2C4671FAB8D8100A4B683 /* NSNumeric.h */ = {isa = PBXFileReference; lastKnownFileType = sourcecode.c.h; path = NSNumeric.h; sourceTree = "<group>"; };
		30B2C4681FAB8D8100A4B683 /* NSNumeric.m */ = {isa = PBXFileReference; lastKnownFileType = sourcecode.c.objc; path = NSNumeric.m; sourceTree = "<group>"; };
		30B2C46C1FABEF2700A4B683 /* DeviceInfoView.swift */ = {isa = PBXFileReference; lastKnownFileType = sourcecode.swift; path = DeviceInfoView.swift; sourceTree = "<group>"; };
		481BA205AA4D811F6070ED71 /* Pods-Wabbit.adhoc.xcconfig */ = {isa = PBXFileReference; includeInIndex = 1; lastKnownFileType = text.xcconfig; name = "Pods-Wabbit.adhoc.xcconfig"; path = "Pods/Target Support Files/Pods-Wabbit/Pods-Wabbit.adhoc.xcconfig"; sourceTree = "<group>"; };
		62E9300F7368D5EF02917EDB /* Pods_WabbitTests.framework */ = {isa = PBXFileReference; explicitFileType = wrapper.framework; includeInIndex = 0; path = Pods_WabbitTests.framework; sourceTree = BUILT_PRODUCTS_DIR; };
		768CD3E0E6117D085B287607 /* Pods-Wabbit.release.xcconfig */ = {isa = PBXFileReference; includeInIndex = 1; lastKnownFileType = text.xcconfig; name = "Pods-Wabbit.release.xcconfig"; path = "Pods/Target Support Files/Pods-Wabbit/Pods-Wabbit.release.xcconfig"; sourceTree = "<group>"; };
		8A8EC91824695EF8B5E2234B /* Pods-WabbitUITests.adhoc.xcconfig */ = {isa = PBXFileReference; includeInIndex = 1; lastKnownFileType = text.xcconfig; name = "Pods-WabbitUITests.adhoc.xcconfig"; path = "Pods/Target Support Files/Pods-WabbitUITests/Pods-WabbitUITests.adhoc.xcconfig"; sourceTree = "<group>"; };
		980F380D34D80490057FD411 /* Pods_WabbitUITests.framework */ = {isa = PBXFileReference; explicitFileType = wrapper.framework; includeInIndex = 0; path = Pods_WabbitUITests.framework; sourceTree = BUILT_PRODUCTS_DIR; };
		990794471228744CCCF80CA2 /* Pods-WabbitUITests.debug.xcconfig */ = {isa = PBXFileReference; includeInIndex = 1; lastKnownFileType = text.xcconfig; name = "Pods-WabbitUITests.debug.xcconfig"; path = "Pods/Target Support Files/Pods-WabbitUITests/Pods-WabbitUITests.debug.xcconfig"; sourceTree = "<group>"; };
		A71C9F66805C0A11CA8B6B1B /* Pods-WabbitTests.release.xcconfig */ = {isa = PBXFileReference; includeInIndex = 1; lastKnownFileType = text.xcconfig; name = "Pods-WabbitTests.release.xcconfig"; path = "Pods/Target Support Files/Pods-WabbitTests/Pods-WabbitTests.release.xcconfig"; sourceTree = "<group>"; };
		B035CE2E9FF89EBD8BA2902A /* Pods-Wabbit.debug.xcconfig */ = {isa = PBXFileReference; includeInIndex = 1; lastKnownFileType = text.xcconfig; name = "Pods-Wabbit.debug.xcconfig"; path = "Pods/Target Support Files/Pods-Wabbit/Pods-Wabbit.debug.xcconfig"; sourceTree = "<group>"; };
		BB693CABF8FD5329E57D9D43 /* Pods-WabbitTests.debug.xcconfig */ = {isa = PBXFileReference; includeInIndex = 1; lastKnownFileType = text.xcconfig; name = "Pods-WabbitTests.debug.xcconfig"; path = "Pods/Target Support Files/Pods-WabbitTests/Pods-WabbitTests.debug.xcconfig"; sourceTree = "<group>"; };
		D5D9DE92A15BF434C738F151 /* Pods-WabbitTests.adhoc.xcconfig */ = {isa = PBXFileReference; includeInIndex = 1; lastKnownFileType = text.xcconfig; name = "Pods-WabbitTests.adhoc.xcconfig"; path = "Pods/Target Support Files/Pods-WabbitTests/Pods-WabbitTests.adhoc.xcconfig"; sourceTree = "<group>"; };
		DD894B927E45DB96151B721E /* Pods_Wabbit.framework */ = {isa = PBXFileReference; explicitFileType = wrapper.framework; includeInIndex = 0; path = Pods_Wabbit.framework; sourceTree = BUILT_PRODUCTS_DIR; };
		F1B7ADC6D8471840F28EB5D9 /* Pods-WabbitUITests.release.xcconfig */ = {isa = PBXFileReference; includeInIndex = 1; lastKnownFileType = text.xcconfig; name = "Pods-WabbitUITests.release.xcconfig"; path = "Pods/Target Support Files/Pods-WabbitUITests/Pods-WabbitUITests.release.xcconfig"; sourceTree = "<group>"; };
/* End PBXFileReference section */

/* Begin PBXFrameworksBuildPhase section */
		3038CD921FAAD7D300E401C4 /* Frameworks */ = {
			isa = PBXFrameworksBuildPhase;
			buildActionMask = 2147483647;
			files = (
				C9F38B71259013E9C237B171 /* Pods_Wabbit.framework in Frameworks */,
			);
			runOnlyForDeploymentPostprocessing = 0;
		};
		3038CDA61FAAD7D300E401C4 /* Frameworks */ = {
			isa = PBXFrameworksBuildPhase;
			buildActionMask = 2147483647;
			files = (
				20FB32F64C51DC0AA951E899 /* Pods_WabbitTests.framework in Frameworks */,
			);
			runOnlyForDeploymentPostprocessing = 0;
		};
		3038CDB11FAAD7D300E401C4 /* Frameworks */ = {
			isa = PBXFrameworksBuildPhase;
			buildActionMask = 2147483647;
			files = (
				F90F6A2931E3262789698DE6 /* Pods_WabbitUITests.framework in Frameworks */,
			);
			runOnlyForDeploymentPostprocessing = 0;
		};
/* End PBXFrameworksBuildPhase section */

/* Begin PBXGroup section */
		2DF29F8197C7A44302EAC099 /* Pods */ = {
			isa = PBXGroup;
			children = (
				B035CE2E9FF89EBD8BA2902A /* Pods-Wabbit.debug.xcconfig */,
				768CD3E0E6117D085B287607 /* Pods-Wabbit.release.xcconfig */,
				BB693CABF8FD5329E57D9D43 /* Pods-WabbitTests.debug.xcconfig */,
				A71C9F66805C0A11CA8B6B1B /* Pods-WabbitTests.release.xcconfig */,
				990794471228744CCCF80CA2 /* Pods-WabbitUITests.debug.xcconfig */,
				F1B7ADC6D8471840F28EB5D9 /* Pods-WabbitUITests.release.xcconfig */,
				481BA205AA4D811F6070ED71 /* Pods-Wabbit.adhoc.xcconfig */,
				D5D9DE92A15BF434C738F151 /* Pods-WabbitTests.adhoc.xcconfig */,
				8A8EC91824695EF8B5E2234B /* Pods-WabbitUITests.adhoc.xcconfig */,
			);
			name = Pods;
			sourceTree = "<group>";
		};
		301A19E21FB61B9D00352332 /* services */ = {
			isa = PBXGroup;
			children = (
				301A19E31FB61BBB00352332 /* BenchmarkService.swift */,
			);
			path = services;
			sourceTree = "<group>";
		};
		3038CD8C1FAAD7D300E401C4 = {
			isa = PBXGroup;
			children = (
				3038CD971FAAD7D300E401C4 /* Wabbit */,
				3038CDAC1FAAD7D300E401C4 /* WabbitTests */,
				3038CDB71FAAD7D300E401C4 /* WabbitUITests */,
				3038CD961FAAD7D300E401C4 /* Products */,
				2DF29F8197C7A44302EAC099 /* Pods */,
				8CFCCC6CA008DC6DFB40567F /* Frameworks */,
			);
			sourceTree = "<group>";
		};
		3038CD961FAAD7D300E401C4 /* Products */ = {
			isa = PBXGroup;
			children = (
				3038CD951FAAD7D300E401C4 /* Wabbit.app */,
				3038CDA91FAAD7D300E401C4 /* WabbitTests.xctest */,
				3038CDB41FAAD7D300E401C4 /* WabbitUITests.xctest */,
			);
			name = Products;
			sourceTree = "<group>";
		};
		3038CD971FAAD7D300E401C4 /* Wabbit */ = {
			isa = PBXGroup;
			children = (
				301A19E21FB61B9D00352332 /* services */,
				3038CDC81FAAE28C00E401C4 /* models */,
				3038CDC71FAAE27B00E401C4 /* controllers */,
				3038CDC61FAAE26F00E401C4 /* views */,
				3038CD981FAAD7D300E401C4 /* AppDelegate.swift */,
				3038CD9F1FAAD7D300E401C4 /* Assets.xcassets */,
				3038CDA11FAAD7D300E401C4 /* LaunchScreen.storyboard */,
				3038CDA41FAAD7D300E401C4 /* Info.plist */,
				3047EDB81FAC0D7B00BAE236 /* UIDevice+Extensions.swift */,
				3047EDBE1FAC371D00BAE236 /* UIColor+Theme.swift */,
				30130E531FAE229100370EAC /* lipsum.txt */,
				30130E571FAE414800370EAC /* logo128.png */,
				30ABE1951FB174200014082D /* countries.json */,
			);
			path = Wabbit;
			sourceTree = "<group>";
		};
		3038CDAC1FAAD7D300E401C4 /* WabbitTests */ = {
			isa = PBXGroup;
			children = (
				3038CDCD1FAAE3CC00E401C4 /* models */,
				3038CDAF1FAAD7D300E401C4 /* Info.plist */,
			);
			path = WabbitTests;
			sourceTree = "<group>";
		};
		3038CDB71FAAD7D300E401C4 /* WabbitUITests */ = {
			isa = PBXGroup;
			children = (
				3038CDB81FAAD7D300E401C4 /* WabbitUITests.swift */,
				30ABE1A81FB271DE0014082D /* SnapshotHelper.swift */,
				3038CDBA1FAAD7D300E401C4 /* Info.plist */,
			);
			path = WabbitUITests;
			sourceTree = "<group>";
		};
		3038CDC61FAAE26F00E401C4 /* views */ = {
			isa = PBXGroup;
			children = (
				30B2C46C1FABEF2700A4B683 /* DeviceInfoView.swift */,
				3047EDBC1FAC168300BAE236 /* LanguagesView.swift */,
				3047EDC01FACD94300BAE236 /* ReportView.swift */,
				30130E4A1FAD551600370EAC /* ReportViewCell.swift */,
				301A19E51FB621A800352332 /* SwipeActionViewCell.swift */,
			);
			path = views;
			sourceTree = "<group>";
		};
		3038CDC71FAAE27B00E401C4 /* controllers */ = {
			isa = PBXGroup;
			children = (
				3038CD9A1FAAD7D300E401C4 /* MainViewController.swift */,
			);
			path = controllers;
			sourceTree = "<group>";
		};
		3038CDC81FAAE28C00E401C4 /* models */ = {
			isa = PBXGroup;
			children = (
				30ABE1971FB1745E0014082D /* jsonparse */,
				3038CDCE1FAAEA4600E401C4 /* algorithms */,
				3038CDC91FAAE38100E401C4 /* Report.swift */,
				3038CDCB1FAAE39800E401C4 /* Benchmark.swift */,
				30130E4C1FAE0E4D00370EAC /* ReportGroup.swift */,
			);
			path = models;
			sourceTree = "<group>";
		};
		3038CDCD1FAAE3CC00E401C4 /* models */ = {
			isa = PBXGroup;
			children = (
				3038CDD81FAAF00E00E401C4 /* algorithms */,
				3038CDAD1FAAD7D300E401C4 /* ReportTests.swift */,
				3038CDE11FAB055000E401C4 /* BenchmarkTests.swift */,
			);
			path = models;
			sourceTree = "<group>";
		};
		3038CDCE1FAAEA4600E401C4 /* algorithms */ = {
			isa = PBXGroup;
			children = (
				3038CDCF1FAAEA8600E401C4 /* Crypto.swift */,
				30ABE19C1FB177630014082D /* JsonParse.swift */,
				3038CDDB1FAAF45000E401C4 /* Numeric.swift */,
				3083FC181FBCB62800680302 /* StringManipulation.swift */,
				3038CDD11FAAED4600E401C4 /* NSCrypto.h */,
				3038CDD31FAAED6700E401C4 /* NSCrypto.m */,
				30ABE1A01FB17D050014082D /* NSJsonParse.h */,
				30ABE1A11FB17D050014082D /* NSJsonParse.m */,
				30B2C4671FAB8D8100A4B683 /* NSNumeric.h */,
				30B2C4681FAB8D8100A4B683 /* NSNumeric.m */,
				3083FC1A1FBCB8B700680302 /* NSStringManipulation.h */,
				3083FC1B1FBCB8B700680302 /* NSStringManipulation.m */,
				3038CDD21FAAED6600E401C4 /* Wabbit-Bridging-Header.h */,
			);
			path = algorithms;
			sourceTree = "<group>";
		};
		3038CDD81FAAF00E00E401C4 /* algorithms */ = {
			isa = PBXGroup;
			children = (
				3038CDD91FAAF02000E401C4 /* CryptoTests.swift */,
				30ABE19A1FB175240014082D /* JsonParseTests.swift */,
				3038CDDD1FAAF62300E401C4 /* NumericTests.swift */,
				3083FC161FBCAAD800680302 /* StringManupulationTest.swift */,
			);
			path = algorithms;
			sourceTree = "<group>";
		};
		30ABE1971FB1745E0014082D /* jsonparse */ = {
			isa = PBXGroup;
			children = (
				30ABE1981FB174740014082D /* Country.swift */,
				30ABE1A31FB218130014082D /* NSCountry.h */,
				30ABE1A41FB218130014082D /* NSCountry.m */,
			);
			path = jsonparse;
			sourceTree = "<group>";
		};
		8CFCCC6CA008DC6DFB40567F /* Frameworks */ = {
			isa = PBXGroup;
			children = (
				DD894B927E45DB96151B721E /* Pods_Wabbit.framework */,
				62E9300F7368D5EF02917EDB /* Pods_WabbitTests.framework */,
				980F380D34D80490057FD411 /* Pods_WabbitUITests.framework */,
			);
			name = Frameworks;
			sourceTree = "<group>";
		};
/* End PBXGroup section */

/* Begin PBXNativeTarget section */
		3038CD941FAAD7D300E401C4 /* Wabbit */ = {
			isa = PBXNativeTarget;
			buildConfigurationList = 3038CDBD1FAAD7D300E401C4 /* Build configuration list for PBXNativeTarget "Wabbit" */;
			buildPhases = (
				9A6EC3AE82D86961F0E844AC /* [CP] Check Pods Manifest.lock */,
				3038CD911FAAD7D300E401C4 /* Sources */,
				3038CD921FAAD7D300E401C4 /* Frameworks */,
				3038CD931FAAD7D300E401C4 /* Resources */,
				A69C1595A2E8FD21F7B458C7 /* [CP] Embed Pods Frameworks */,
				E9BF86B8B369D2AA941FDA4D /* [CP] Copy Pods Resources */,
			);
			buildRules = (
			);
			dependencies = (
			);
			name = Wabbit;
			productName = Wabbit;
			productReference = 3038CD951FAAD7D300E401C4 /* Wabbit.app */;
			productType = "com.apple.product-type.application";
		};
		3038CDA81FAAD7D300E401C4 /* WabbitTests */ = {
			isa = PBXNativeTarget;
			buildConfigurationList = 3038CDC01FAAD7D300E401C4 /* Build configuration list for PBXNativeTarget "WabbitTests" */;
			buildPhases = (
				BC9D01E894734939F2C1C2AE /* [CP] Check Pods Manifest.lock */,
				3038CDA51FAAD7D300E401C4 /* Sources */,
				3038CDA61FAAD7D300E401C4 /* Frameworks */,
				3038CDA71FAAD7D300E401C4 /* Resources */,
				2CA033165EF77FA865607C78 /* [CP] Embed Pods Frameworks */,
				31167F321BC02FBB15768053 /* [CP] Copy Pods Resources */,
			);
			buildRules = (
			);
			dependencies = (
				3038CDAB1FAAD7D300E401C4 /* PBXTargetDependency */,
			);
			name = WabbitTests;
			productName = WabbitTests;
			productReference = 3038CDA91FAAD7D300E401C4 /* WabbitTests.xctest */;
			productType = "com.apple.product-type.bundle.unit-test";
		};
		3038CDB31FAAD7D300E401C4 /* WabbitUITests */ = {
			isa = PBXNativeTarget;
			buildConfigurationList = 3038CDC31FAAD7D300E401C4 /* Build configuration list for PBXNativeTarget "WabbitUITests" */;
			buildPhases = (
				18B46F423E5FDC43037F96AE /* [CP] Check Pods Manifest.lock */,
				3038CDB01FAAD7D300E401C4 /* Sources */,
				3038CDB11FAAD7D300E401C4 /* Frameworks */,
				3038CDB21FAAD7D300E401C4 /* Resources */,
				7F149B4838C948D01D91CE45 /* [CP] Embed Pods Frameworks */,
				BE3CDAA9976E122E5C2A9607 /* [CP] Copy Pods Resources */,
			);
			buildRules = (
			);
			dependencies = (
				3038CDB61FAAD7D300E401C4 /* PBXTargetDependency */,
			);
			name = WabbitUITests;
			productName = WabbitUITests;
			productReference = 3038CDB41FAAD7D300E401C4 /* WabbitUITests.xctest */;
			productType = "com.apple.product-type.bundle.ui-testing";
		};
/* End PBXNativeTarget section */

/* Begin PBXProject section */
		3038CD8D1FAAD7D300E401C4 /* Project object */ = {
			isa = PBXProject;
			attributes = {
				LastSwiftUpdateCheck = 0910;
				LastUpgradeCheck = 0910;
				ORGANIZATIONNAME = "Luis Ezcurdia";
				TargetAttributes = {
					3038CD941FAAD7D300E401C4 = {
						CreatedOnToolsVersion = 9.1;
						LastSwiftMigration = 0910;
						ProvisioningStyle = Automatic;
					};
					3038CDA81FAAD7D300E401C4 = {
						CreatedOnToolsVersion = 9.1;
						ProvisioningStyle = Automatic;
						TestTargetID = 3038CD941FAAD7D300E401C4;
					};
					3038CDB31FAAD7D300E401C4 = {
						CreatedOnToolsVersion = 9.1;
						ProvisioningStyle = Automatic;
						TestTargetID = 3038CD941FAAD7D300E401C4;
					};
				};
			};
			buildConfigurationList = 3038CD901FAAD7D300E401C4 /* Build configuration list for PBXProject "Wabbit" */;
			compatibilityVersion = "Xcode 8.0";
			developmentRegion = en;
			hasScannedForEncodings = 0;
			knownRegions = (
				en,
				Base,
			);
			mainGroup = 3038CD8C1FAAD7D300E401C4;
			productRefGroup = 3038CD961FAAD7D300E401C4 /* Products */;
			projectDirPath = "";
			projectRoot = "";
			targets = (
				3038CD941FAAD7D300E401C4 /* Wabbit */,
				3038CDA81FAAD7D300E401C4 /* WabbitTests */,
				3038CDB31FAAD7D300E401C4 /* WabbitUITests */,
			);
		};
/* End PBXProject section */

/* Begin PBXResourcesBuildPhase section */
		3038CD931FAAD7D300E401C4 /* Resources */ = {
			isa = PBXResourcesBuildPhase;
			buildActionMask = 2147483647;
			files = (
				3038CDA31FAAD7D300E401C4 /* LaunchScreen.storyboard in Resources */,
				30130E541FAE229100370EAC /* lipsum.txt in Resources */,
				30130E581FAE414800370EAC /* logo128.png in Resources */,
				30ABE1961FB174210014082D /* countries.json in Resources */,
				3038CDA01FAAD7D300E401C4 /* Assets.xcassets in Resources */,
			);
			runOnlyForDeploymentPostprocessing = 0;
		};
		3038CDA71FAAD7D300E401C4 /* Resources */ = {
			isa = PBXResourcesBuildPhase;
			buildActionMask = 2147483647;
			files = (
			);
			runOnlyForDeploymentPostprocessing = 0;
		};
		3038CDB21FAAD7D300E401C4 /* Resources */ = {
			isa = PBXResourcesBuildPhase;
			buildActionMask = 2147483647;
			files = (
			);
			runOnlyForDeploymentPostprocessing = 0;
		};
/* End PBXResourcesBuildPhase section */

/* Begin PBXShellScriptBuildPhase section */
		18B46F423E5FDC43037F96AE /* [CP] Check Pods Manifest.lock */ = {
			isa = PBXShellScriptBuildPhase;
			buildActionMask = 2147483647;
			files = (
			);
			inputPaths = (
				"${PODS_PODFILE_DIR_PATH}/Podfile.lock",
				"${PODS_ROOT}/Manifest.lock",
			);
			name = "[CP] Check Pods Manifest.lock";
			outputPaths = (
				"$(DERIVED_FILE_DIR)/Pods-WabbitUITests-checkManifestLockResult.txt",
			);
			runOnlyForDeploymentPostprocessing = 0;
			shellPath = /bin/sh;
			shellScript = "diff \"${PODS_PODFILE_DIR_PATH}/Podfile.lock\" \"${PODS_ROOT}/Manifest.lock\" > /dev/null\nif [ $? != 0 ] ; then\n    # print error to STDERR\n    echo \"error: The sandbox is not in sync with the Podfile.lock. Run 'pod install' or update your CocoaPods installation.\" >&2\n    exit 1\nfi\n# This output is used by Xcode 'outputs' to avoid re-running this script phase.\necho \"SUCCESS\" > \"${SCRIPT_OUTPUT_FILE_0}\"\n";
			showEnvVarsInLog = 0;
		};
		2CA033165EF77FA865607C78 /* [CP] Embed Pods Frameworks */ = {
			isa = PBXShellScriptBuildPhase;
			buildActionMask = 2147483647;
			files = (
			);
			inputPaths = (
			);
			name = "[CP] Embed Pods Frameworks";
			outputPaths = (
			);
			runOnlyForDeploymentPostprocessing = 0;
			shellPath = /bin/sh;
			shellScript = "\"${SRCROOT}/Pods/Target Support Files/Pods-WabbitTests/Pods-WabbitTests-frameworks.sh\"\n";
			showEnvVarsInLog = 0;
		};
		31167F321BC02FBB15768053 /* [CP] Copy Pods Resources */ = {
			isa = PBXShellScriptBuildPhase;
			buildActionMask = 2147483647;
			files = (
			);
			inputPaths = (
			);
			name = "[CP] Copy Pods Resources";
			outputPaths = (
			);
			runOnlyForDeploymentPostprocessing = 0;
			shellPath = /bin/sh;
			shellScript = "\"${SRCROOT}/Pods/Target Support Files/Pods-WabbitTests/Pods-WabbitTests-resources.sh\"\n";
			showEnvVarsInLog = 0;
		};
		7F149B4838C948D01D91CE45 /* [CP] Embed Pods Frameworks */ = {
			isa = PBXShellScriptBuildPhase;
			buildActionMask = 2147483647;
			files = (
			);
			inputPaths = (
			);
			name = "[CP] Embed Pods Frameworks";
			outputPaths = (
			);
			runOnlyForDeploymentPostprocessing = 0;
			shellPath = /bin/sh;
			shellScript = "\"${SRCROOT}/Pods/Target Support Files/Pods-WabbitUITests/Pods-WabbitUITests-frameworks.sh\"\n";
			showEnvVarsInLog = 0;
		};
		9A6EC3AE82D86961F0E844AC /* [CP] Check Pods Manifest.lock */ = {
			isa = PBXShellScriptBuildPhase;
			buildActionMask = 2147483647;
			files = (
			);
			inputPaths = (
				"${PODS_PODFILE_DIR_PATH}/Podfile.lock",
				"${PODS_ROOT}/Manifest.lock",
			);
			name = "[CP] Check Pods Manifest.lock";
			outputPaths = (
				"$(DERIVED_FILE_DIR)/Pods-Wabbit-checkManifestLockResult.txt",
			);
			runOnlyForDeploymentPostprocessing = 0;
			shellPath = /bin/sh;
			shellScript = "diff \"${PODS_PODFILE_DIR_PATH}/Podfile.lock\" \"${PODS_ROOT}/Manifest.lock\" > /dev/null\nif [ $? != 0 ] ; then\n    # print error to STDERR\n    echo \"error: The sandbox is not in sync with the Podfile.lock. Run 'pod install' or update your CocoaPods installation.\" >&2\n    exit 1\nfi\n# This output is used by Xcode 'outputs' to avoid re-running this script phase.\necho \"SUCCESS\" > \"${SCRIPT_OUTPUT_FILE_0}\"\n";
			showEnvVarsInLog = 0;
		};
		A69C1595A2E8FD21F7B458C7 /* [CP] Embed Pods Frameworks */ = {
			isa = PBXShellScriptBuildPhase;
			buildActionMask = 2147483647;
			files = (
			);
			inputPaths = (
				"${SRCROOT}/Pods/Target Support Files/Pods-Wabbit/Pods-Wabbit-frameworks.sh",
				"${BUILT_PRODUCTS_DIR}/Keys/Keys.framework",
			);
			name = "[CP] Embed Pods Frameworks";
			outputPaths = (
				"${TARGET_BUILD_DIR}/${FRAMEWORKS_FOLDER_PATH}/Keys.framework",
			);
			runOnlyForDeploymentPostprocessing = 0;
			shellPath = /bin/sh;
			shellScript = "\"${SRCROOT}/Pods/Target Support Files/Pods-Wabbit/Pods-Wabbit-frameworks.sh\"\n";
			showEnvVarsInLog = 0;
		};
		BC9D01E894734939F2C1C2AE /* [CP] Check Pods Manifest.lock */ = {
			isa = PBXShellScriptBuildPhase;
			buildActionMask = 2147483647;
			files = (
			);
			inputPaths = (
				"${PODS_PODFILE_DIR_PATH}/Podfile.lock",
				"${PODS_ROOT}/Manifest.lock",
			);
			name = "[CP] Check Pods Manifest.lock";
			outputPaths = (
				"$(DERIVED_FILE_DIR)/Pods-WabbitTests-checkManifestLockResult.txt",
			);
			runOnlyForDeploymentPostprocessing = 0;
			shellPath = /bin/sh;
			shellScript = "diff \"${PODS_PODFILE_DIR_PATH}/Podfile.lock\" \"${PODS_ROOT}/Manifest.lock\" > /dev/null\nif [ $? != 0 ] ; then\n    # print error to STDERR\n    echo \"error: The sandbox is not in sync with the Podfile.lock. Run 'pod install' or update your CocoaPods installation.\" >&2\n    exit 1\nfi\n# This output is used by Xcode 'outputs' to avoid re-running this script phase.\necho \"SUCCESS\" > \"${SCRIPT_OUTPUT_FILE_0}\"\n";
			showEnvVarsInLog = 0;
		};
		BE3CDAA9976E122E5C2A9607 /* [CP] Copy Pods Resources */ = {
			isa = PBXShellScriptBuildPhase;
			buildActionMask = 2147483647;
			files = (
			);
			inputPaths = (
			);
			name = "[CP] Copy Pods Resources";
			outputPaths = (
			);
			runOnlyForDeploymentPostprocessing = 0;
			shellPath = /bin/sh;
			shellScript = "\"${SRCROOT}/Pods/Target Support Files/Pods-WabbitUITests/Pods-WabbitUITests-resources.sh\"\n";
			showEnvVarsInLog = 0;
		};
		E9BF86B8B369D2AA941FDA4D /* [CP] Copy Pods Resources */ = {
			isa = PBXShellScriptBuildPhase;
			buildActionMask = 2147483647;
			files = (
			);
			inputPaths = (
			);
			name = "[CP] Copy Pods Resources";
			outputPaths = (
			);
			runOnlyForDeploymentPostprocessing = 0;
			shellPath = /bin/sh;
			shellScript = "\"${SRCROOT}/Pods/Target Support Files/Pods-Wabbit/Pods-Wabbit-resources.sh\"\n";
			showEnvVarsInLog = 0;
		};
/* End PBXShellScriptBuildPhase section */

/* Begin PBXSourcesBuildPhase section */
		3038CD911FAAD7D300E401C4 /* Sources */ = {
			isa = PBXSourcesBuildPhase;
			buildActionMask = 2147483647;
			files = (
				30ABE19D1FB177630014082D /* JsonParse.swift in Sources */,
				3038CD9B1FAAD7D300E401C4 /* MainViewController.swift in Sources */,
				30B2C46D1FABEF2700A4B683 /* DeviceInfoView.swift in Sources */,
				3038CDCC1FAAE39800E401C4 /* Benchmark.swift in Sources */,
				3038CDDC1FAAF45000E401C4 /* Numeric.swift in Sources */,
				3047EDBF1FAC371D00BAE236 /* UIColor+Theme.swift in Sources */,
				30ABE1A21FB17D050014082D /* NSJsonParse.m in Sources */,
				30130E4D1FAE0E4D00370EAC /* ReportGroup.swift in Sources */,
				30130E4B1FAD551600370EAC /* ReportViewCell.swift in Sources */,
				3083FC1C1FBCB8B700680302 /* NSStringManipulation.m in Sources */,
				301A19E41FB61BBB00352332 /* BenchmarkService.swift in Sources */,
				30ABE1A51FB218130014082D /* NSCountry.m in Sources */,
				301A19E61FB621A900352332 /* SwipeActionViewCell.swift in Sources */,
				3038CD991FAAD7D300E401C4 /* AppDelegate.swift in Sources */,
				3047EDB91FAC0D7B00BAE236 /* UIDevice+Extensions.swift in Sources */,
				30ABE1991FB174740014082D /* Country.swift in Sources */,
				3047EDC11FACD94300BAE236 /* ReportView.swift in Sources */,
				3047EDBD1FAC168300BAE236 /* LanguagesView.swift in Sources */,
				3038CDD41FAAED6700E401C4 /* NSCrypto.m in Sources */,
				30B2C4691FAB8D8100A4B683 /* NSNumeric.m in Sources */,
				3083FC191FBCB62800680302 /* StringManipulation.swift in Sources */,
				3038CDD01FAAEA8600E401C4 /* Crypto.swift in Sources */,
				3038CDCA1FAAE38100E401C4 /* Report.swift in Sources */,
			);
			runOnlyForDeploymentPostprocessing = 0;
		};
		3038CDA51FAAD7D300E401C4 /* Sources */ = {
			isa = PBXSourcesBuildPhase;
			buildActionMask = 2147483647;
			files = (
				3038CDDA1FAAF02000E401C4 /* CryptoTests.swift in Sources */,
				30ABE19B1FB175240014082D /* JsonParseTests.swift in Sources */,
				3038CDE21FAB055000E401C4 /* BenchmarkTests.swift in Sources */,
				3038CDDE1FAAF62300E401C4 /* NumericTests.swift in Sources */,
				3038CDAE1FAAD7D300E401C4 /* ReportTests.swift in Sources */,
				3083FC171FBCAAD800680302 /* StringManupulationTest.swift in Sources */,
			);
			runOnlyForDeploymentPostprocessing = 0;
		};
		3038CDB01FAAD7D300E401C4 /* Sources */ = {
			isa = PBXSourcesBuildPhase;
			buildActionMask = 2147483647;
			files = (
				3038CDB91FAAD7D300E401C4 /* WabbitUITests.swift in Sources */,
				30ABE1AA1FB271E50014082D /* SnapshotHelper.swift in Sources */,
			);
			runOnlyForDeploymentPostprocessing = 0;
		};
/* End PBXSourcesBuildPhase section */

/* Begin PBXTargetDependency section */
		3038CDAB1FAAD7D300E401C4 /* PBXTargetDependency */ = {
			isa = PBXTargetDependency;
			target = 3038CD941FAAD7D300E401C4 /* Wabbit */;
			targetProxy = 3038CDAA1FAAD7D300E401C4 /* PBXContainerItemProxy */;
		};
		3038CDB61FAAD7D300E401C4 /* PBXTargetDependency */ = {
			isa = PBXTargetDependency;
			target = 3038CD941FAAD7D300E401C4 /* Wabbit */;
			targetProxy = 3038CDB51FAAD7D300E401C4 /* PBXContainerItemProxy */;
		};
/* End PBXTargetDependency section */

/* Begin PBXVariantGroup section */
		3038CDA11FAAD7D300E401C4 /* LaunchScreen.storyboard */ = {
			isa = PBXVariantGroup;
			children = (
				3038CDA21FAAD7D300E401C4 /* Base */,
			);
			name = LaunchScreen.storyboard;
			sourceTree = "<group>";
		};
/* End PBXVariantGroup section */

/* Begin XCBuildConfiguration section */
		3038CDBB1FAAD7D300E401C4 /* Debug */ = {
			isa = XCBuildConfiguration;
			buildSettings = {
				ALWAYS_SEARCH_USER_PATHS = NO;
				CLANG_ANALYZER_NONNULL = YES;
				CLANG_ANALYZER_NUMBER_OBJECT_CONVERSION = YES_AGGRESSIVE;
				CLANG_CXX_LANGUAGE_STANDARD = "gnu++14";
				CLANG_CXX_LIBRARY = "libc++";
				CLANG_ENABLE_MODULES = YES;
				CLANG_ENABLE_OBJC_ARC = YES;
				CLANG_WARN_BLOCK_CAPTURE_AUTORELEASING = YES;
				CLANG_WARN_BOOL_CONVERSION = YES;
				CLANG_WARN_COMMA = YES;
				CLANG_WARN_CONSTANT_CONVERSION = YES;
				CLANG_WARN_DIRECT_OBJC_ISA_USAGE = YES_ERROR;
				CLANG_WARN_DOCUMENTATION_COMMENTS = YES;
				CLANG_WARN_EMPTY_BODY = YES;
				CLANG_WARN_ENUM_CONVERSION = YES;
				CLANG_WARN_INFINITE_RECURSION = YES;
				CLANG_WARN_INT_CONVERSION = YES;
				CLANG_WARN_NON_LITERAL_NULL_CONVERSION = YES;
				CLANG_WARN_OBJC_LITERAL_CONVERSION = YES;
				CLANG_WARN_OBJC_ROOT_CLASS = YES_ERROR;
				CLANG_WARN_RANGE_LOOP_ANALYSIS = YES;
				CLANG_WARN_STRICT_PROTOTYPES = YES;
				CLANG_WARN_SUSPICIOUS_MOVE = YES;
				CLANG_WARN_UNGUARDED_AVAILABILITY = YES_AGGRESSIVE;
				CLANG_WARN_UNREACHABLE_CODE = YES;
				CLANG_WARN__DUPLICATE_METHOD_MATCH = YES;
				CODE_SIGN_IDENTITY = "iPhone Developer";
				COPY_PHASE_STRIP = NO;
				DEBUG_INFORMATION_FORMAT = dwarf;
				ENABLE_STRICT_OBJC_MSGSEND = YES;
				ENABLE_TESTABILITY = YES;
				GCC_C_LANGUAGE_STANDARD = gnu11;
				GCC_DYNAMIC_NO_PIC = NO;
				GCC_NO_COMMON_BLOCKS = YES;
				GCC_OPTIMIZATION_LEVEL = 0;
				GCC_PREPROCESSOR_DEFINITIONS = (
					"DEBUG=1",
					"$(inherited)",
				);
				GCC_WARN_64_TO_32_BIT_CONVERSION = YES;
				GCC_WARN_ABOUT_RETURN_TYPE = YES_ERROR;
				GCC_WARN_UNDECLARED_SELECTOR = YES;
				GCC_WARN_UNINITIALIZED_AUTOS = YES_AGGRESSIVE;
				GCC_WARN_UNUSED_FUNCTION = YES;
				GCC_WARN_UNUSED_VARIABLE = YES;
				IPHONEOS_DEPLOYMENT_TARGET = 11.1;
				MTL_ENABLE_DEBUG_INFO = YES;
				ONLY_ACTIVE_ARCH = YES;
				SDKROOT = iphoneos;
				SWIFT_ACTIVE_COMPILATION_CONDITIONS = DEBUG;
				SWIFT_OPTIMIZATION_LEVEL = "-Onone";
			};
			name = Debug;
		};
		3038CDBC1FAAD7D300E401C4 /* Release */ = {
			isa = XCBuildConfiguration;
			buildSettings = {
				ALWAYS_SEARCH_USER_PATHS = NO;
				CLANG_ANALYZER_NONNULL = YES;
				CLANG_ANALYZER_NUMBER_OBJECT_CONVERSION = YES_AGGRESSIVE;
				CLANG_CXX_LANGUAGE_STANDARD = "gnu++14";
				CLANG_CXX_LIBRARY = "libc++";
				CLANG_ENABLE_MODULES = YES;
				CLANG_ENABLE_OBJC_ARC = YES;
				CLANG_WARN_BLOCK_CAPTURE_AUTORELEASING = YES;
				CLANG_WARN_BOOL_CONVERSION = YES;
				CLANG_WARN_COMMA = YES;
				CLANG_WARN_CONSTANT_CONVERSION = YES;
				CLANG_WARN_DIRECT_OBJC_ISA_USAGE = YES_ERROR;
				CLANG_WARN_DOCUMENTATION_COMMENTS = YES;
				CLANG_WARN_EMPTY_BODY = YES;
				CLANG_WARN_ENUM_CONVERSION = YES;
				CLANG_WARN_INFINITE_RECURSION = YES;
				CLANG_WARN_INT_CONVERSION = YES;
				CLANG_WARN_NON_LITERAL_NULL_CONVERSION = YES;
				CLANG_WARN_OBJC_LITERAL_CONVERSION = YES;
				CLANG_WARN_OBJC_ROOT_CLASS = YES_ERROR;
				CLANG_WARN_RANGE_LOOP_ANALYSIS = YES;
				CLANG_WARN_STRICT_PROTOTYPES = YES;
				CLANG_WARN_SUSPICIOUS_MOVE = YES;
				CLANG_WARN_UNGUARDED_AVAILABILITY = YES_AGGRESSIVE;
				CLANG_WARN_UNREACHABLE_CODE = YES;
				CLANG_WARN__DUPLICATE_METHOD_MATCH = YES;
				CODE_SIGN_IDENTITY = "iPhone Developer";
				COPY_PHASE_STRIP = NO;
				DEBUG_INFORMATION_FORMAT = "dwarf-with-dsym";
				ENABLE_NS_ASSERTIONS = NO;
				ENABLE_STRICT_OBJC_MSGSEND = YES;
				GCC_C_LANGUAGE_STANDARD = gnu11;
				GCC_NO_COMMON_BLOCKS = YES;
				GCC_WARN_64_TO_32_BIT_CONVERSION = YES;
				GCC_WARN_ABOUT_RETURN_TYPE = YES_ERROR;
				GCC_WARN_UNDECLARED_SELECTOR = YES;
				GCC_WARN_UNINITIALIZED_AUTOS = YES_AGGRESSIVE;
				GCC_WARN_UNUSED_FUNCTION = YES;
				GCC_WARN_UNUSED_VARIABLE = YES;
				IPHONEOS_DEPLOYMENT_TARGET = 11.1;
				MTL_ENABLE_DEBUG_INFO = NO;
				SDKROOT = iphoneos;
				SWIFT_OPTIMIZATION_LEVEL = "-Owholemodule";
				VALIDATE_PRODUCT = YES;
			};
			name = Release;
		};
		3038CDBE1FAAD7D300E401C4 /* Debug */ = {
			isa = XCBuildConfiguration;
			baseConfigurationReference = B035CE2E9FF89EBD8BA2902A /* Pods-Wabbit.debug.xcconfig */;
			buildSettings = {
				ASSETCATALOG_COMPILER_APPICON_NAME = AppIcon;
				CLANG_ENABLE_MODULES = YES;
				CODE_SIGN_STYLE = Automatic;
				CURRENT_PROJECT_VERSION = 2;
				DEVELOPMENT_TEAM = D3XL2U7DQC;
				INFOPLIST_FILE = Wabbit/Info.plist;
				LD_RUNPATH_SEARCH_PATHS = "$(inherited) @executable_path/Frameworks";
				PRODUCT_BUNDLE_IDENTIFIER = org.ezcurdia.Wabbit;
				PRODUCT_NAME = "$(TARGET_NAME)";
				SWIFT_OBJC_BRIDGING_HEADER = "Wabbit/models/algorithms/Wabbit-Bridging-Header.h";
				SWIFT_OPTIMIZATION_LEVEL = "-Onone";
				SWIFT_VERSION = 4.0;
				TARGETED_DEVICE_FAMILY = 1;
				VERSIONING_SYSTEM = "apple-generic";
			};
			name = Debug;
		};
		3038CDBF1FAAD7D300E401C4 /* Release */ = {
			isa = XCBuildConfiguration;
			baseConfigurationReference = 768CD3E0E6117D085B287607 /* Pods-Wabbit.release.xcconfig */;
			buildSettings = {
				ASSETCATALOG_COMPILER_APPICON_NAME = AppIcon;
				CLANG_ENABLE_MODULES = YES;
				CODE_SIGN_STYLE = Automatic;
				CURRENT_PROJECT_VERSION = 2;
				DEVELOPMENT_TEAM = D3XL2U7DQC;
				INFOPLIST_FILE = Wabbit/Info.plist;
				LD_RUNPATH_SEARCH_PATHS = "$(inherited) @executable_path/Frameworks";
				PRODUCT_BUNDLE_IDENTIFIER = org.ezcurdia.Wabbit;
				PRODUCT_NAME = "$(TARGET_NAME)";
				SWIFT_OBJC_BRIDGING_HEADER = "Wabbit/models/algorithms/Wabbit-Bridging-Header.h";
				SWIFT_VERSION = 4.0;
				TARGETED_DEVICE_FAMILY = 1;
				VERSIONING_SYSTEM = "apple-generic";
			};
			name = Release;
		};
		3038CDC11FAAD7D300E401C4 /* Debug */ = {
			isa = XCBuildConfiguration;
			baseConfigurationReference = BB693CABF8FD5329E57D9D43 /* Pods-WabbitTests.debug.xcconfig */;
			buildSettings = {
				ALWAYS_EMBED_SWIFT_STANDARD_LIBRARIES = YES;
				BUNDLE_LOADER = "$(TEST_HOST)";
				CODE_SIGN_STYLE = Automatic;
				DEVELOPMENT_TEAM = D3XL2U7DQC;
				INFOPLIST_FILE = WabbitTests/Info.plist;
				LD_RUNPATH_SEARCH_PATHS = "$(inherited) @executable_path/Frameworks @loader_path/Frameworks";
				PRODUCT_BUNDLE_IDENTIFIER = org.ezcurdia.WabbitTests;
				PRODUCT_NAME = "$(TARGET_NAME)";
				SWIFT_VERSION = 4.0;
				TARGETED_DEVICE_FAMILY = "1,2";
				TEST_HOST = "$(BUILT_PRODUCTS_DIR)/Wabbit.app/Wabbit";
			};
			name = Debug;
		};
		3038CDC21FAAD7D300E401C4 /* Release */ = {
			isa = XCBuildConfiguration;
			baseConfigurationReference = A71C9F66805C0A11CA8B6B1B /* Pods-WabbitTests.release.xcconfig */;
			buildSettings = {
				ALWAYS_EMBED_SWIFT_STANDARD_LIBRARIES = YES;
				BUNDLE_LOADER = "$(TEST_HOST)";
				CODE_SIGN_STYLE = Automatic;
				DEVELOPMENT_TEAM = D3XL2U7DQC;
				INFOPLIST_FILE = WabbitTests/Info.plist;
				LD_RUNPATH_SEARCH_PATHS = "$(inherited) @executable_path/Frameworks @loader_path/Frameworks";
				PRODUCT_BUNDLE_IDENTIFIER = org.ezcurdia.WabbitTests;
				PRODUCT_NAME = "$(TARGET_NAME)";
				SWIFT_VERSION = 4.0;
				TARGETED_DEVICE_FAMILY = "1,2";
				TEST_HOST = "$(BUILT_PRODUCTS_DIR)/Wabbit.app/Wabbit";
			};
			name = Release;
		};
		3038CDC41FAAD7D300E401C4 /* Debug */ = {
			isa = XCBuildConfiguration;
			baseConfigurationReference = 990794471228744CCCF80CA2 /* Pods-WabbitUITests.debug.xcconfig */;
			buildSettings = {
				ALWAYS_EMBED_SWIFT_STANDARD_LIBRARIES = YES;
				CODE_SIGN_STYLE = Automatic;
				DEVELOPMENT_TEAM = D3XL2U7DQC;
				INFOPLIST_FILE = WabbitUITests/Info.plist;
				LD_RUNPATH_SEARCH_PATHS = "$(inherited) @executable_path/Frameworks @loader_path/Frameworks";
				PRODUCT_BUNDLE_IDENTIFIER = org.ezcurdia.WabbitUITests;
				PRODUCT_NAME = "$(TARGET_NAME)";
				SWIFT_VERSION = 4.0;
				TARGETED_DEVICE_FAMILY = "1,2";
				TEST_TARGET_NAME = Wabbit;
			};
			name = Debug;
		};
		3038CDC51FAAD7D300E401C4 /* Release */ = {
			isa = XCBuildConfiguration;
			baseConfigurationReference = F1B7ADC6D8471840F28EB5D9 /* Pods-WabbitUITests.release.xcconfig */;
			buildSettings = {
				ALWAYS_EMBED_SWIFT_STANDARD_LIBRARIES = YES;
				CODE_SIGN_STYLE = Automatic;
				DEVELOPMENT_TEAM = D3XL2U7DQC;
				INFOPLIST_FILE = WabbitUITests/Info.plist;
				LD_RUNPATH_SEARCH_PATHS = "$(inherited) @executable_path/Frameworks @loader_path/Frameworks";
				PRODUCT_BUNDLE_IDENTIFIER = org.ezcurdia.WabbitUITests;
				PRODUCT_NAME = "$(TARGET_NAME)";
				SWIFT_VERSION = 4.0;
				TARGETED_DEVICE_FAMILY = "1,2";
				TEST_TARGET_NAME = Wabbit;
			};
			name = Release;
		};
/* End XCBuildConfiguration section */

/* Begin XCConfigurationList section */
		3038CD901FAAD7D300E401C4 /* Build configuration list for PBXProject "Wabbit" */ = {
			isa = XCConfigurationList;
			buildConfigurations = (
				3038CDBB1FAAD7D300E401C4 /* Debug */,
				3038CDBC1FAAD7D300E401C4 /* Release */,
			);
			defaultConfigurationIsVisible = 0;
			defaultConfigurationName = Release;
		};
		3038CDBD1FAAD7D300E401C4 /* Build configuration list for PBXNativeTarget "Wabbit" */ = {
			isa = XCConfigurationList;
			buildConfigurations = (
				3038CDBE1FAAD7D300E401C4 /* Debug */,
				3038CDBF1FAAD7D300E401C4 /* Release */,
			);
			defaultConfigurationIsVisible = 0;
			defaultConfigurationName = Release;
		};
		3038CDC01FAAD7D300E401C4 /* Build configuration list for PBXNativeTarget "WabbitTests" */ = {
			isa = XCConfigurationList;
			buildConfigurations = (
				3038CDC11FAAD7D300E401C4 /* Debug */,
				3038CDC21FAAD7D300E401C4 /* Release */,
			);
			defaultConfigurationIsVisible = 0;
			defaultConfigurationName = Release;
		};
		3038CDC31FAAD7D300E401C4 /* Build configuration list for PBXNativeTarget "WabbitUITests" */ = {
			isa = XCConfigurationList;
			buildConfigurations = (
				3038CDC41FAAD7D300E401C4 /* Debug */,
				3038CDC51FAAD7D300E401C4 /* Release */,
			);
			defaultConfigurationIsVisible = 0;
			defaultConfigurationName = Release;
		};
/* End XCConfigurationList section */
	};
	rootObject = 3038CD8D1FAAD7D300E401C4 /* Project object */;
}
